# THIS IS AN AUTOGENERATED FILE. DO NOT EDIT THIS FILE DIRECTLY.
# yarn lockfile v1


"@csstools/cascade-layer-name-parser@^1.0.2":
  version "1.0.2"
  resolved "https://registry.yarnpkg.com/@csstools/cascade-layer-name-parser/-/cascade-layer-name-parser-1.0.2.tgz#35253f57c6c83d684fe396672486c644e6a84127"
  integrity sha512-xm7Mgwej/wBfLoK0K5LfntmPJzoULayl1XZY9JYgQgT29JiqNw++sLnx95u5y9zCihblzkyaRYJrsRMhIBzRdg==

"@csstools/color-helpers@^2.1.0":
  version "2.1.0"
  resolved "https://registry.yarnpkg.com/@csstools/color-helpers/-/color-helpers-2.1.0.tgz#b27d8376e9e8a947878f10967481c22bf046976a"
  integrity sha512-OWkqBa7PDzZuJ3Ha7T5bxdSVfSCfTq6K1mbAhbO1MD+GSULGjrp45i5RudyJOedstSarN/3mdwu9upJE7gDXfw==

"@csstools/css-calc@^1.1.1":
  version "1.1.1"
  resolved "https://registry.yarnpkg.com/@csstools/css-calc/-/css-calc-1.1.1.tgz#c622728b7f0c9aae70952623c2b0d3d114752987"
  integrity sha512-Nh+iLCtjlooTzuR0lpmB8I6hPX/VupcGQ3Z1U2+wgJJ4fa8+cWkub+lCsbZcYPzBGsZLEL8fQAg+Na5dwEFJxg==

"@csstools/css-color-parser@^1.2.0":
  version "1.2.0"
  resolved "https://registry.yarnpkg.com/@csstools/css-color-parser/-/css-color-parser-1.2.0.tgz#30243b2fe912e1da0787e7d093d25a9ed40a73b5"
  integrity sha512-kt9jhqyL/Ig/Tsf1cY+iygxs2nu3/D532048G9BSeg9YjlpZxbor6I+nvgMNB1A1ppL+i15Mb/yyDHYMQmgBtQ==
  dependencies:
    "@csstools/color-helpers" "^2.1.0"
    "@csstools/css-calc" "^1.1.1"

"@csstools/css-parser-algorithms@^2.1.1":
  version "2.1.1"
  resolved "https://registry.yarnpkg.com/@csstools/css-parser-algorithms/-/css-parser-algorithms-2.1.1.tgz#7b62e6412a468a2d1096ed267edd1e4a7fd4a119"
  integrity sha512-viRnRh02AgO4mwIQb2xQNJju0i+Fh9roNgmbR5xEuG7J3TGgxjnE95HnBLgsFJOJOksvcfxOUCgODcft6Y07cA==

"@csstools/css-tokenizer@^2.1.1":
  version "2.1.1"
  resolved "https://registry.yarnpkg.com/@csstools/css-tokenizer/-/css-tokenizer-2.1.1.tgz#07ae11a0a06365d7ec686549db7b729bc036528e"
  integrity sha512-GbrTj2Z8MCTUv+52GE0RbFGM527xuXZ0Xa5g0Z+YN573uveS4G0qi6WNOMyz3yrFM/jaILTTwJ0+umx81EzqfA==

"@csstools/media-query-list-parser@^2.0.4":
  version "2.0.4"
  resolved "https://registry.yarnpkg.com/@csstools/media-query-list-parser/-/media-query-list-parser-2.0.4.tgz#466bd254041530dfd1e88bcb1921e8ca4af75b6a"
  integrity sha512-GyYot6jHgcSDZZ+tLSnrzkR7aJhF2ZW6d+CXH66mjy5WpAQhZD4HDke2OQ36SivGRWlZJpAz7TzbW6OKlEpxAA==

"@csstools/postcss-cascade-layers@^3.0.1":
  version "3.0.1"
  resolved "https://registry.yarnpkg.com/@csstools/postcss-cascade-layers/-/postcss-cascade-layers-3.0.1.tgz#d839386e90428b448e3f75276bc01d516e852a0d"
  integrity sha512-dD8W98dOYNOH/yX4V4HXOhfCOnvVAg8TtsL+qCGNoKXuq5z2C/d026wGWgySgC8cajXXo/wNezS31Glj5GcqrA==
  dependencies:
    "@csstools/selector-specificity" "^2.0.2"
    postcss-selector-parser "^6.0.10"

"@csstools/postcss-color-function@^2.2.2":
  version "2.2.2"
  resolved "https://registry.yarnpkg.com/@csstools/postcss-color-function/-/postcss-color-function-2.2.2.tgz#10bd96096b01ba58336c7eda90673f27a8b2df0c"
  integrity sha512-HpBtNAS8m07Umr1kYYOIKTSg2uBMjWMc7zeXchhodsZtopICa5pTyCIuuT0z9oy07j/M4+Uj0M01OLvmN0AHqA==
  dependencies:
    "@csstools/css-color-parser" "^1.2.0"
    "@csstools/css-parser-algorithms" "^2.1.1"
    "@csstools/css-tokenizer" "^2.1.1"
    "@csstools/postcss-progressive-custom-properties" "^2.2.0"

"@csstools/postcss-color-mix-function@^1.0.2":
  version "1.0.2"
  resolved "https://registry.yarnpkg.com/@csstools/postcss-color-mix-function/-/postcss-color-mix-function-1.0.2.tgz#02e366b84cf84f4522b4d27053959614fbab0e22"
  integrity sha512-SZRZ1osJo5CR89xojPEkORnH6RS0FK1aktMujo52TCc74oJCIf6udX1e22qTeV8YG78lRNx8NpM3WzI4dL94tQ==
  dependencies:
    "@csstools/css-color-parser" "^1.2.0"
    "@csstools/css-parser-algorithms" "^2.1.1"
    "@csstools/css-tokenizer" "^2.1.1"
    "@csstools/postcss-progressive-custom-properties" "^2.2.0"

"@csstools/postcss-font-format-keywords@^2.0.2":
  version "2.0.2"
  resolved "https://registry.yarnpkg.com/@csstools/postcss-font-format-keywords/-/postcss-font-format-keywords-2.0.2.tgz#d798d96f4af6cddcfee459f598c976e6011042d2"
  integrity sha512-iKYZlIs6JsNT7NKyRjyIyezTCHLh4L4BBB3F5Nx7Dc4Z/QmBgX+YJFuUSar8IM6KclGiAUFGomXFdYxAwJydlA==
  dependencies:
    postcss-value-parser "^4.2.0"

"@csstools/postcss-gradients-interpolation-method@^3.0.5":
  version "3.0.5"
  resolved "https://registry.yarnpkg.com/@csstools/postcss-gradients-interpolation-method/-/postcss-gradients-interpolation-method-3.0.5.tgz#7a066b10d42ef6048382ef38dc0a4c845fa9721f"
  integrity sha512-x1tKUChKajjlZ+pOvapvHTXfRasXLBaChzwcKzI+wGsUmWIfIZhWVdksI/9Yeef0RhI9RFsEgr1fI3gWNcxHyg==
  dependencies:
    "@csstools/css-color-parser" "^1.2.0"
    "@csstools/css-parser-algorithms" "^2.1.1"
    "@csstools/css-tokenizer" "^2.1.1"
    "@csstools/postcss-progressive-custom-properties" "^2.2.0"

"@csstools/postcss-hwb-function@^2.2.2":
  version "2.2.2"
  resolved "https://registry.yarnpkg.com/@csstools/postcss-hwb-function/-/postcss-hwb-function-2.2.2.tgz#c36a450bc98038df00bbbebcef20f04aac6e0b08"
  integrity sha512-W5Y5oaJ382HSlbdGfPf60d7dAK6Hqf10+Be1yZbd/TNNrQ/3dDdV1c07YwOXPQ3PZ6dvFMhxbIbn8EC3ki3nEg==
  dependencies:
    "@csstools/css-color-parser" "^1.2.0"
    "@csstools/css-parser-algorithms" "^2.1.1"
    "@csstools/css-tokenizer" "^2.1.1"

"@csstools/postcss-ic-unit@^2.0.3":
  version "2.0.3"
  resolved "https://registry.yarnpkg.com/@csstools/postcss-ic-unit/-/postcss-ic-unit-2.0.3.tgz#21b3adea10aedd51181285f3e1225598d602e1e2"
  integrity sha512-azDezOeI7IhLGqRauyfi/JuJOfNHM951h0TZWnL9L38xTmlBK+s7y4MpWXTq/Ohz8IuiIuVPobXTewsqXaTeiQ==
  dependencies:
    "@csstools/postcss-progressive-custom-properties" "^2.2.0"
    postcss-value-parser "^4.2.0"

"@csstools/postcss-is-pseudo-class@^3.2.1":
  version "3.2.1"
  resolved "https://registry.yarnpkg.com/@csstools/postcss-is-pseudo-class/-/postcss-is-pseudo-class-3.2.1.tgz#610f451b9293307d83d484c84af332a05e48b661"
  integrity sha512-AtANdV34kJl04Al62is3eQRk/BfOfyAvEmRJvbt+nx5REqImLC+2XhuE6skgkcPli1l8ONS67wS+l1sBzySc3Q==
  dependencies:
    "@csstools/selector-specificity" "^2.0.0"
    postcss-selector-parser "^6.0.10"

"@csstools/postcss-logical-float-and-clear@^1.0.1":
  version "1.0.1"
  resolved "https://registry.yarnpkg.com/@csstools/postcss-logical-float-and-clear/-/postcss-logical-float-and-clear-1.0.1.tgz#d255ea7aad18880930b63d8a04164f56182f2ecf"
  integrity sha512-eO9z2sMLddvlfFEW5Fxbjyd03zaO7cJafDurK4rCqyRt9P7aaWwha0LcSzoROlcZrw1NBV2JAp2vMKfPMQO1xw==

"@csstools/postcss-logical-resize@^1.0.1":
  version "1.0.1"
  resolved "https://registry.yarnpkg.com/@csstools/postcss-logical-resize/-/postcss-logical-resize-1.0.1.tgz#826d3de929d7d786c32c2c118f78e813a1c2cdec"
  integrity sha512-x1ge74eCSvpBkDDWppl+7FuD2dL68WP+wwP2qvdUcKY17vJksz+XoE1ZRV38uJgS6FNUwC0AxrPW5gy3MxsDHQ==
  dependencies:
    postcss-value-parser "^4.2.0"

"@csstools/postcss-logical-viewport-units@^1.0.3":
  version "1.0.3"
  resolved "https://registry.yarnpkg.com/@csstools/postcss-logical-viewport-units/-/postcss-logical-viewport-units-1.0.3.tgz#63e212954015ecdc493878601c3daa4da6ba6714"
  integrity sha512-6zqcyRg9HSqIHIPMYdt6THWhRmE5/tyHKJQLysn2TeDf/ftq7Em9qwMTx98t2C/7UxIsYS8lOiHHxAVjWn2WUg==
  dependencies:
    "@csstools/css-tokenizer" "^2.1.1"

"@csstools/postcss-media-minmax@^1.0.2":
  version "1.0.2"
  resolved "https://registry.yarnpkg.com/@csstools/postcss-media-minmax/-/postcss-media-minmax-1.0.2.tgz#77efc4fdd96c7ff97f0d714c940187d25fd87619"
  integrity sha512-DsEykSINZTqlBefi1uSQBym1Rj0NQOj92dLRd5jUQpSy8yBVaXXmkiUgBUbb+gQh8imAdqPpz2v4sAUnw8yXXA==
  dependencies:
    "@csstools/css-calc" "^1.1.1"
    "@csstools/css-parser-algorithms" "^2.1.1"
    "@csstools/css-tokenizer" "^2.1.1"
    "@csstools/media-query-list-parser" "^2.0.4"

"@csstools/postcss-media-queries-aspect-ratio-number-values@^1.0.2":
  version "1.0.2"
  resolved "https://registry.yarnpkg.com/@csstools/postcss-media-queries-aspect-ratio-number-values/-/postcss-media-queries-aspect-ratio-number-values-1.0.2.tgz#23ca3c3decc79d9089c2028ded20a97a2c784eee"
  integrity sha512-rOSR5p+5m0joXUoitYgCyMqNCu97yfLsLG3cnNaM8VeJRCWHGEu5hE9Gv0M7n9A4wo2pYF8QqaxkTlWbSJY9Fg==
  dependencies:
    "@csstools/css-parser-algorithms" "^2.1.1"
    "@csstools/css-tokenizer" "^2.1.1"
    "@csstools/media-query-list-parser" "^2.0.4"

"@csstools/postcss-nested-calc@^2.0.2":
  version "2.0.2"
  resolved "https://registry.yarnpkg.com/@csstools/postcss-nested-calc/-/postcss-nested-calc-2.0.2.tgz#a0857650ef88b1aa7b094c7ea8ea1378c35695e0"
  integrity sha512-jbwrP8rN4e7LNaRcpx3xpMUjhtt34I9OV+zgbcsYAAk6k1+3kODXJBf95/JMYWhu9g1oif7r06QVUgfWsKxCFw==
  dependencies:
    postcss-value-parser "^4.2.0"

"@csstools/postcss-normalize-display-values@^2.0.1":
  version "2.0.1"
  resolved "https://registry.yarnpkg.com/@csstools/postcss-normalize-display-values/-/postcss-normalize-display-values-2.0.1.tgz#35dc188c5b4713cf902959fe3c8ce613fcb7543e"
  integrity sha512-TQT5g3JQ5gPXC239YuRK8jFceXF9d25ZvBkyjzBGGoW5st5sPXFVQS8OjYb9IJ/K3CdfK4528y483cgS2DJR/w==
  dependencies:
    postcss-value-parser "^4.2.0"

"@csstools/postcss-oklab-function@^2.2.2":
  version "2.2.2"
  resolved "https://registry.yarnpkg.com/@csstools/postcss-oklab-function/-/postcss-oklab-function-2.2.2.tgz#a002b05980050f9307b3482cff6925081591a2cf"
  integrity sha512-25Y9GYia9QamEOHx3B8hyHftDo/lzVhmPPm96ziOzOri9MDZvphPYPyx8NxQXh0P1P0j92eJcOjw4AO6HcXWYw==
  dependencies:
    "@csstools/css-color-parser" "^1.2.0"
    "@csstools/css-parser-algorithms" "^2.1.1"
    "@csstools/css-tokenizer" "^2.1.1"
    "@csstools/postcss-progressive-custom-properties" "^2.2.0"

"@csstools/postcss-progressive-custom-properties@^2.2.0":
  version "2.2.0"
  resolved "https://registry.yarnpkg.com/@csstools/postcss-progressive-custom-properties/-/postcss-progressive-custom-properties-2.2.0.tgz#69e9b28282d5f72dbbc82b5ccdf69b20e30c99fe"
  integrity sha512-qtJ2Jgf5bQW65OK7JaR0dw+XL3tc3BN99g+I5cRdik++HpyZitrKKxIwDGb3OHp2Yo3PZKuiX8pXljqmLHT/eg==
  dependencies:
    postcss-value-parser "^4.2.0"

"@csstools/postcss-relative-color-syntax@^1.0.0":
  version "1.0.0"
  resolved "https://registry.yarnpkg.com/@csstools/postcss-relative-color-syntax/-/postcss-relative-color-syntax-1.0.0.tgz#104c1f7c549781334d408bdba93baf4f7288bc1b"
  integrity sha512-/Q2xOHjOeq8p8j/+yilJlroWzqbBca3+tux2ikkArsAsQS9sHWbFtPz602EpNnoGSnVg7o/QSf3xxaekyzv/8A==
  dependencies:
    "@csstools/css-color-parser" "^1.2.0"
    "@csstools/css-parser-algorithms" "^2.1.1"
    "@csstools/css-tokenizer" "^2.1.1"
    "@csstools/postcss-progressive-custom-properties" "^2.2.0"

"@csstools/postcss-scope-pseudo-class@^2.0.2":
  version "2.0.2"
  resolved "https://registry.yarnpkg.com/@csstools/postcss-scope-pseudo-class/-/postcss-scope-pseudo-class-2.0.2.tgz#6325e1e3b321093c59b008ec670bb772e17f06fe"
  integrity sha512-6Pvo4uexUCXt+Hz5iUtemQAcIuCYnL+ePs1khFR6/xPgC92aQLJ0zGHonWoewiBE+I++4gXK3pr+R1rlOFHe5w==
  dependencies:
    postcss-selector-parser "^6.0.10"

"@csstools/postcss-stepped-value-functions@^2.1.1":
  version "2.1.1"
  resolved "https://registry.yarnpkg.com/@csstools/postcss-stepped-value-functions/-/postcss-stepped-value-functions-2.1.1.tgz#f31aa0e7bd0ce3e4a0450573e1e27ce5e602b100"
  integrity sha512-YCvdF0GCZK35nhLgs7ippcxDlRVe5QsSht3+EghqTjnYnyl3BbWIN6fYQ1dKWYTJ+7Bgi41TgqQFfJDcp9Xy/w==
  dependencies:
    "@csstools/css-calc" "^1.1.1"
    "@csstools/css-parser-algorithms" "^2.1.1"
    "@csstools/css-tokenizer" "^2.1.1"

"@csstools/postcss-text-decoration-shorthand@^2.2.4":
  version "2.2.4"
  resolved "https://registry.yarnpkg.com/@csstools/postcss-text-decoration-shorthand/-/postcss-text-decoration-shorthand-2.2.4.tgz#184af1d68f4d97c381fad2ca58ae7f3f2a5dd7c3"
  integrity sha512-zPN56sQkS/7YTCVZhOBVCWf7AiNge8fXDl7JVaHLz2RyT4pnyK2gFjckWRLpO0A2xkm1lCgZ0bepYZTwAVd/5A==
  dependencies:
    "@csstools/color-helpers" "^2.1.0"
    postcss-value-parser "^4.2.0"

"@csstools/postcss-trigonometric-functions@^2.1.1":
  version "2.1.1"
  resolved "https://registry.yarnpkg.com/@csstools/postcss-trigonometric-functions/-/postcss-trigonometric-functions-2.1.1.tgz#871a2048b0f81495d6cd8858ffb1fb04231ca741"
  integrity sha512-XcXmHEFfHXhvYz40FtDlA4Fp4NQln2bWTsCwthd2c+MCnYArUYU3YaMqzR5CrKP3pMoGYTBnp5fMqf1HxItNyw==
  dependencies:
    "@csstools/css-calc" "^1.1.1"
    "@csstools/css-parser-algorithms" "^2.1.1"
    "@csstools/css-tokenizer" "^2.1.1"

"@csstools/postcss-unset-value@^2.0.1":
  version "2.0.1"
  resolved "https://registry.yarnpkg.com/@csstools/postcss-unset-value/-/postcss-unset-value-2.0.1.tgz#67091dd6cff556bff896c95053eb070cc6b21c25"
  integrity sha512-oJ9Xl29/yU8U7/pnMJRqAZd4YXNCfGEdcP4ywREuqm/xMqcgDNDppYRoCGDt40aaZQIEKBS79LytUDN/DHf0Ew==

"@csstools/selector-specificity@^2.0.0", "@csstools/selector-specificity@^2.0.2":
  version "2.0.2"
  resolved "https://registry.yarnpkg.com/@csstools/selector-specificity/-/selector-specificity-2.0.2.tgz#1bfafe4b7ed0f3e4105837e056e0a89b108ebe36"
  integrity sha512-IkpVW/ehM1hWKln4fCA3NzJU8KwD+kIOvPZA4cqxoJHtE21CCzjyp+Kxbu0i5I4tBNOlXPL9mjwnWlL0VEG4Fg==

"@csstools/selector-specificity@^2.0.1":
  version "2.1.1"
  resolved "https://registry.yarnpkg.com/@csstools/selector-specificity/-/selector-specificity-2.1.1.tgz#c9c61d9fe5ca5ac664e1153bb0aa0eba1c6d6308"
  integrity sha512-jwx+WCqszn53YHOfvFMJJRd/B2GqkCBt+1MJSG6o5/s8+ytHMvDZXsJgUEWLk12UnLd7HYKac4BYU5i/Ron1Cw==

"@hotwired/turbo@^7.3.0":
  version "7.3.0"
  resolved "https://registry.yarnpkg.com/@hotwired/turbo/-/turbo-7.3.0.tgz#2226000fff1aabda9fd9587474565c9929dbf15d"
  integrity sha512-Dcu+NaSvHLT7EjrDrkEmH4qET2ZJZ5IcCWmNXxNQTBwlnE5tBZfN6WxZ842n5cHV52DH/AKNirbPBtcEXDLW4g==

autoprefixer@^10.4.14:
  version "10.4.14"
  resolved "https://registry.yarnpkg.com/autoprefixer/-/autoprefixer-10.4.14.tgz#e28d49902f8e759dd25b153264e862df2705f79d"
  integrity sha512-FQzyfOsTlwVzjHxKEqRIAdJx9niO6VCBCoEwax/VLSoQF29ggECcPuBqUMZ+u8jCZOPSy8b8/8KnuFbp0SaFZQ==
  dependencies:
    browserslist "^4.21.5"
    caniuse-lite "^1.0.30001464"
    fraction.js "^4.2.0"
    normalize-range "^0.1.2"
    picocolors "^1.0.0"
    postcss-value-parser "^4.2.0"

balanced-match@^1.0.0:
  version "1.0.2"
  resolved "https://registry.yarnpkg.com/balanced-match/-/balanced-match-1.0.2.tgz#e83e3a7e3f300b34cb9d87f615fa0cbf357690ee"
  integrity sha512-3oSeUO0TMV67hN1AmbXsK4yaqU7tjiHlbxRDZOpH0KW9+CeX4bRAaX0Anxt0tx2MrpRpWwQaPwIlISEJhYU5Pw==

brace-expansion@^2.0.1:
  version "2.0.1"
  resolved "https://registry.yarnpkg.com/brace-expansion/-/brace-expansion-2.0.1.tgz#1edc459e0f0c548486ecf9fc99f2221364b9a0ae"
  integrity sha512-XnAIvQ8eM+kC6aULx6wuQiwVsnzsi9d3WxzV3FpWTGA19F621kwdbsAcFKXgKUHZWsy+mY6iL1sHTxWEFCytDA==
  dependencies:
    balanced-match "^1.0.0"

browserslist@^4.21.5:
  version "4.21.5"
  resolved "https://registry.yarnpkg.com/browserslist/-/browserslist-4.21.5.tgz#75c5dae60063ee641f977e00edd3cfb2fb7af6a7"
  integrity sha512-tUkiguQGW7S3IhB7N+c2MV/HZPSCPAAiYBZXLsBhFB/PCy6ZKKsZrmBayHV9fdGV/ARIfJ14NkxKzRDjvp7L6w==
  dependencies:
    caniuse-lite "^1.0.30001449"
    electron-to-chromium "^1.4.284"
    node-releases "^2.0.8"
    update-browserslist-db "^1.0.10"

caniuse-lite@^1.0.30001449:
  version "1.0.30001462"
  resolved "https://registry.yarnpkg.com/caniuse-lite/-/caniuse-lite-1.0.30001462.tgz#b2e801e37536d453731286857c8520d3dcee15fe"
  integrity sha512-PDd20WuOBPiasZ7KbFnmQRyuLE7cFXW2PVd7dmALzbkUXEP46upAuCDm9eY9vho8fgNMGmbAX92QBZHzcnWIqw==

caniuse-lite@^1.0.30001464:
  version "1.0.30001470"
  resolved "https://registry.yarnpkg.com/caniuse-lite/-/caniuse-lite-1.0.30001470.tgz#09c8e87c711f75ff5d39804db2613dd593feeb10"
  integrity sha512-065uNwY6QtHCBOExzbV6m236DDhYCCtPmQUCoQtwkVqzud8v5QPidoMr6CoMkC2nfp6nksjttqWQRRh75LqUmA==

css-blank-pseudo@^5.0.2:
  version "5.0.2"
  resolved "https://registry.yarnpkg.com/css-blank-pseudo/-/css-blank-pseudo-5.0.2.tgz#3df5cd950f64de960974da05e76954fd3d7442f9"
  integrity sha512-aCU4AZ7uEcVSUzagTlA9pHciz7aWPKA/YzrEkpdSopJ2pvhIxiQ5sYeMz1/KByxlIo4XBdvMNJAVKMg/GRnhfw==
  dependencies:
    postcss-selector-parser "^6.0.10"

css-has-pseudo@^5.0.2:
  version "5.0.2"
  resolved "https://registry.yarnpkg.com/css-has-pseudo/-/css-has-pseudo-5.0.2.tgz#8798118c705d858b7aeb9d839a39edd901c1cc83"
  integrity sha512-q+U+4QdwwB7T9VEW/LyO6CFrLAeLqOykC5mDqJXc7aKZAhDbq7BvGT13VGJe+IwBfdN2o3Xdw2kJ5IxwV1Sc9Q==
  dependencies:
    "@csstools/selector-specificity" "^2.0.1"
    postcss-selector-parser "^6.0.10"
    postcss-value-parser "^4.2.0"

css-prefers-color-scheme@^8.0.2:
  version "8.0.2"
  resolved "https://registry.yarnpkg.com/css-prefers-color-scheme/-/css-prefers-color-scheme-8.0.2.tgz#a0671f54eb19ed0d30b952574c0af11ec355fb6d"
  integrity sha512-OvFghizHJ45x7nsJJUSYLyQNTzsCU8yWjxAc/nhPQg1pbs18LMoET8N3kOweFDPy0JV0OSXN2iqRFhPBHYOeMA==

cssdb@^7.6.0:
  version "7.6.0"
  resolved "https://registry.yarnpkg.com/cssdb/-/cssdb-7.6.0.tgz#beac8f7a5f676db62d3c33da517ef4c9eb008f8b"
  integrity sha512-Nna7rph8V0jC6+JBY4Vk4ndErUmfJfV6NJCaZdurL0omggabiy+QB2HCQtu5c/ACLZ0I7REv7A4QyPIoYzZx0w==

cssesc@^3.0.0:
  version "3.0.0"
  resolved "https://registry.yarnpkg.com/cssesc/-/cssesc-3.0.0.tgz#37741919903b868565e1c09ea747445cd18983ee"
  integrity sha512-/Tb/JcjK111nNScGob5MNtsntNM1aCNUDipB/TkwZFhyDrrE47SOx/18wF2bbjgc3ZzCSKW1T5nt5EbFoAz/Vg==

electron-to-chromium@^1.4.284:
  version "1.4.322"
  resolved "https://registry.yarnpkg.com/electron-to-chromium/-/electron-to-chromium-1.4.322.tgz#e0afa1d115b66c1d47869db40d8f2f3729cecc16"
  integrity sha512-KovjizNC9XB7dno/2GjxX8VS0SlfPpCjtyoKft+bCO+UfD8bFy16hY4Sh9s0h9BDxbRH2U0zX5VBjpM1LTcNlg==

esbuild-android-64@0.14.49:
  version "0.14.49"
  resolved "https://registry.yarnpkg.com/esbuild-android-64/-/esbuild-android-64-0.14.49.tgz#9e4682c36dcf6e7b71b73d2a3723a96e0fdc5054"
  integrity sha512-vYsdOTD+yi+kquhBiFWl3tyxnj2qZJsl4tAqwhT90ktUdnyTizgle7TjNx6Ar1bN7wcwWqZ9QInfdk2WVagSww==

esbuild-android-arm64@0.14.49:
  version "0.14.49"
  resolved "https://registry.yarnpkg.com/esbuild-android-arm64/-/esbuild-android-arm64-0.14.49.tgz#9861b1f7e57d1dd1f23eeef6198561c5f34b51f6"
  integrity sha512-g2HGr/hjOXCgSsvQZ1nK4nW/ei8JUx04Li74qub9qWrStlysaVmadRyTVuW32FGIpLQyc5sUjjZopj49eGGM2g==

esbuild-darwin-64@0.14.49:
  version "0.14.49"
  resolved "https://registry.yarnpkg.com/esbuild-darwin-64/-/esbuild-darwin-64-0.14.49.tgz#fd30a5ebe28704a3a117126c60f98096c067c8d1"
  integrity sha512-3rvqnBCtX9ywso5fCHixt2GBCUsogNp9DjGmvbBohh31Ces34BVzFltMSxJpacNki96+WIcX5s/vum+ckXiLYg==

esbuild-darwin-arm64@0.14.49:
  version "0.14.49"
  resolved "https://registry.yarnpkg.com/esbuild-darwin-arm64/-/esbuild-darwin-arm64-0.14.49.tgz#c04a3a57dad94a972c66a697a68a25aa25947f41"
  integrity sha512-XMaqDxO846srnGlUSJnwbijV29MTKUATmOLyQSfswbK/2X5Uv28M9tTLUJcKKxzoo9lnkYPsx2o8EJcTYwCs/A==

esbuild-freebsd-64@0.14.49:
  version "0.14.49"
  resolved "https://registry.yarnpkg.com/esbuild-freebsd-64/-/esbuild-freebsd-64-0.14.49.tgz#c404dbd66c98451395b1eef0fa38b73030a7be82"
  integrity sha512-NJ5Q6AjV879mOHFri+5lZLTp5XsO2hQ+KSJYLbfY9DgCu8s6/Zl2prWXVANYTeCDLlrIlNNYw8y34xqyLDKOmQ==

esbuild-freebsd-arm64@0.14.49:
  version "0.14.49"
  resolved "https://registry.yarnpkg.com/esbuild-freebsd-arm64/-/esbuild-freebsd-arm64-0.14.49.tgz#b62cec96138ebc5937240ce3e1b97902963ea74a"
  integrity sha512-lFLtgXnAc3eXYqj5koPlBZvEbBSOSUbWO3gyY/0+4lBdRqELyz4bAuamHvmvHW5swJYL7kngzIZw6kdu25KGOA==

esbuild-linux-32@0.14.49:
  version "0.14.49"
  resolved "https://registry.yarnpkg.com/esbuild-linux-32/-/esbuild-linux-32-0.14.49.tgz#495b1cc011b8c64d8bbaf65509c1e7135eb9ddbf"
  integrity sha512-zTTH4gr2Kb8u4QcOpTDVn7Z8q7QEIvFl/+vHrI3cF6XOJS7iEI1FWslTo3uofB2+mn6sIJEQD9PrNZKoAAMDiA==

esbuild-linux-64@0.14.49:
  version "0.14.49"
  resolved "https://registry.yarnpkg.com/esbuild-linux-64/-/esbuild-linux-64-0.14.49.tgz#3f28dd8f986e6ff42f38888ee435a9b1fb916a56"
  integrity sha512-hYmzRIDzFfLrB5c1SknkxzM8LdEUOusp6M2TnuQZJLRtxTgyPnZZVtyMeCLki0wKgYPXkFsAVhi8vzo2mBNeTg==

esbuild-linux-arm64@0.14.49:
  version "0.14.49"
  resolved "https://registry.yarnpkg.com/esbuild-linux-arm64/-/esbuild-linux-arm64-0.14.49.tgz#a52e99ae30246566dc5f33e835aa6ca98ef70e33"
  integrity sha512-KLQ+WpeuY+7bxukxLz5VgkAAVQxUv67Ft4DmHIPIW+2w3ObBPQhqNoeQUHxopoW/aiOn3m99NSmSV+bs4BSsdA==

esbuild-linux-arm@0.14.49:
  version "0.14.49"
  resolved "https://registry.yarnpkg.com/esbuild-linux-arm/-/esbuild-linux-arm-0.14.49.tgz#7c33d05a64ec540cf7474834adaa57b3167bbe97"
  integrity sha512-iE3e+ZVv1Qz1Sy0gifIsarJMQ89Rpm9mtLSRtG3AH0FPgAzQ5Z5oU6vYzhc/3gSPi2UxdCOfRhw2onXuFw/0lg==

esbuild-linux-mips64le@0.14.49:
  version "0.14.49"
  resolved "https://registry.yarnpkg.com/esbuild-linux-mips64le/-/esbuild-linux-mips64le-0.14.49.tgz#ed062bd844b587be649443831eb84ba304685f25"
  integrity sha512-n+rGODfm8RSum5pFIqFQVQpYBw+AztL8s6o9kfx7tjfK0yIGF6tm5HlG6aRjodiiKkH2xAiIM+U4xtQVZYU4rA==

esbuild-linux-ppc64le@0.14.49:
  version "0.14.49"
  resolved "https://registry.yarnpkg.com/esbuild-linux-ppc64le/-/esbuild-linux-ppc64le-0.14.49.tgz#c0786fb5bddffd90c10a2078181513cbaf077958"
  integrity sha512-WP9zR4HX6iCBmMFH+XHHng2LmdoIeUmBpL4aL2TR8ruzXyT4dWrJ5BSbT8iNo6THN8lod6GOmYDLq/dgZLalGw==

esbuild-linux-riscv64@0.14.49:
  version "0.14.49"
  resolved "https://registry.yarnpkg.com/esbuild-linux-riscv64/-/esbuild-linux-riscv64-0.14.49.tgz#579b0e7cc6fce4bfc698e991a52503bb616bec49"
  integrity sha512-h66ORBz+Dg+1KgLvzTVQEA1LX4XBd1SK0Fgbhhw4akpG/YkN8pS6OzYI/7SGENiN6ao5hETRDSkVcvU9NRtkMQ==

esbuild-linux-s390x@0.14.49:
  version "0.14.49"
  resolved "https://registry.yarnpkg.com/esbuild-linux-s390x/-/esbuild-linux-s390x-0.14.49.tgz#09eb15c753e249a500b4e28d07c5eef7524a9740"
  integrity sha512-DhrUoFVWD+XmKO1y7e4kNCqQHPs6twz6VV6Uezl/XHYGzM60rBewBF5jlZjG0nCk5W/Xy6y1xWeopkrhFFM0sQ==

esbuild-netbsd-64@0.14.49:
  version "0.14.49"
  resolved "https://registry.yarnpkg.com/esbuild-netbsd-64/-/esbuild-netbsd-64-0.14.49.tgz#f7337cd2bddb7cc9d100d19156f36c9ca117b58d"
  integrity sha512-BXaUwFOfCy2T+hABtiPUIpWjAeWK9P8O41gR4Pg73hpzoygVGnj0nI3YK4SJhe52ELgtdgWP/ckIkbn2XaTxjQ==

esbuild-openbsd-64@0.14.49:
  version "0.14.49"
  resolved "https://registry.yarnpkg.com/esbuild-openbsd-64/-/esbuild-openbsd-64-0.14.49.tgz#1f8bdc49f8a44396e73950a3fb6b39828563631d"
  integrity sha512-lP06UQeLDGmVPw9Rg437Btu6J9/BmyhdoefnQ4gDEJTtJvKtQaUcOQrhjTq455ouZN4EHFH1h28WOJVANK41kA==

esbuild-sunos-64@0.14.49:
  version "0.14.49"
  resolved "https://registry.yarnpkg.com/esbuild-sunos-64/-/esbuild-sunos-64-0.14.49.tgz#47d042739365b61aa8ca642adb69534a8eef9f7a"
  integrity sha512-4c8Zowp+V3zIWje329BeLbGh6XI9c/rqARNaj5yPHdC61pHI9UNdDxT3rePPJeWcEZVKjkiAS6AP6kiITp7FSw==

esbuild-windows-32@0.14.49:
  version "0.14.49"
  resolved "https://registry.yarnpkg.com/esbuild-windows-32/-/esbuild-windows-32-0.14.49.tgz#79198c88ec9bde163c18a6b430c34eab098ec21a"
  integrity sha512-q7Rb+J9yHTeKr9QTPDYkqfkEj8/kcKz9lOabDuvEXpXuIcosWCJgo5Z7h/L4r7rbtTH4a8U2FGKb6s1eeOHmJA==

esbuild-windows-64@0.14.49:
  version "0.14.49"
  resolved "https://registry.yarnpkg.com/esbuild-windows-64/-/esbuild-windows-64-0.14.49.tgz#b36b230d18d1ee54008e08814c4799c7806e8c79"
  integrity sha512-+Cme7Ongv0UIUTniPqfTX6mJ8Deo7VXw9xN0yJEN1lQMHDppTNmKwAM3oGbD/Vqff+07K2gN0WfNkMohmG+dVw==

esbuild-windows-arm64@0.14.49:
  version "0.14.49"
  resolved "https://registry.yarnpkg.com/esbuild-windows-arm64/-/esbuild-windows-arm64-0.14.49.tgz#d83c03ff6436caf3262347cfa7e16b0a8049fae7"
  integrity sha512-v+HYNAXzuANrCbbLFJ5nmO3m5y2PGZWLe3uloAkLt87aXiO2mZr3BTmacZdjwNkNEHuH3bNtN8cak+mzVjVPfA==

esbuild@^0.14.39:
  version "0.14.49"
  resolved "https://registry.yarnpkg.com/esbuild/-/esbuild-0.14.49.tgz#b82834760eba2ddc17b44f05cfcc0aaca2bae492"
  integrity sha512-/TlVHhOaq7Yz8N1OJrjqM3Auzo5wjvHFLk+T8pIue+fhnhIMpfAzsG6PLVMbFveVxqD2WOp3QHei+52IMUNmCw==
  optionalDependencies:
    esbuild-android-64 "0.14.49"
    esbuild-android-arm64 "0.14.49"
    esbuild-darwin-64 "0.14.49"
    esbuild-darwin-arm64 "0.14.49"
    esbuild-freebsd-64 "0.14.49"
    esbuild-freebsd-arm64 "0.14.49"
    esbuild-linux-32 "0.14.49"
    esbuild-linux-64 "0.14.49"
    esbuild-linux-arm "0.14.49"
    esbuild-linux-arm64 "0.14.49"
    esbuild-linux-mips64le "0.14.49"
    esbuild-linux-ppc64le "0.14.49"
    esbuild-linux-riscv64 "0.14.49"
    esbuild-linux-s390x "0.14.49"
    esbuild-netbsd-64 "0.14.49"
    esbuild-openbsd-64 "0.14.49"
    esbuild-sunos-64 "0.14.49"
    esbuild-windows-32 "0.14.49"
    esbuild-windows-64 "0.14.49"
    esbuild-windows-arm64 "0.14.49"

escalade@^3.1.1:
  version "3.1.1"
  resolved "https://registry.yarnpkg.com/escalade/-/escalade-3.1.1.tgz#d8cfdc7000965c5a0174b4a82eaa5c0552742e40"
  integrity sha512-k0er2gUkLf8O0zKJiAhmkTnJlTvINGv7ygDNPbeIsX/TJjGJZHuh9B2UxbsaEkmlEo9MfhrSzmhIlhRlI2GXnw==

fraction.js@^4.2.0:
  version "4.2.0"
  resolved "https://registry.yarnpkg.com/fraction.js/-/fraction.js-4.2.0.tgz#448e5109a313a3527f5a3ab2119ec4cf0e0e2950"
  integrity sha512-MhLuK+2gUcnZe8ZHlaaINnQLl0xRIGRfcGk2yl8xoQAfHrSsL3rYu6FCmBdkdbhc9EPlwyGHewaRsvwRMJtAlA==

fs.realpath@^1.0.0:
  version "1.0.0"
  resolved "https://registry.yarnpkg.com/fs.realpath/-/fs.realpath-1.0.0.tgz#1504ad2523158caa40db4a2787cb01411994ea4f"
  integrity sha512-OO0pH2lK6a0hZnAdau5ItzHPI6pUlvI7jMVnxUQRtw4owF2wk8lOSabtGDCTP4Ggrg2MbGnWO9X8K1t4+fGMDw==

function-bind@^1.1.1:
  version "1.1.1"
  resolved "https://registry.yarnpkg.com/function-bind/-/function-bind-1.1.1.tgz#a56899d3ea3c9bab874bb9773b7c5ede92f4895d"
  integrity sha512-yIovAzMX49sF8Yl58fSCWJ5svSLuaibPxXQJFLmBObTuCr0Mf1KiPopGM9NiFjiYBCbfaa2Fh6breQ6ANVTI0A==

glob@^8.0.1:
  version "8.0.3"
  resolved "https://registry.yarnpkg.com/glob/-/glob-8.0.3.tgz#415c6eb2deed9e502c68fa44a272e6da6eeca42e"
  integrity sha512-ull455NHSHI/Y1FqGaaYFaLGkNMMJbavMrEGFXG/PGrg6y7sutWHUHrz6gy6WEBH6akM1M414dWKCNs+IhKdiQ==
  dependencies:
    fs.realpath "^1.0.0"
    inflight "^1.0.4"
    inherits "2"
    minimatch "^5.0.1"
    once "^1.3.0"

has@^1.0.3:
  version "1.0.3"
  resolved "https://registry.yarnpkg.com/has/-/has-1.0.3.tgz#722d7cbfc1f6aa8241f16dd814e011e1f41e8796"
  integrity sha512-f2dvO0VU6Oej7RkWJGrehjbzMAjFp5/VKPp5tTpWIV4JHHZK1/BxbFRtf/siA2SWTe09caDmVtYYzWEIbBS4zw==
  dependencies:
    function-bind "^1.1.1"

inflight@^1.0.4:
  version "1.0.6"
  resolved "https://registry.yarnpkg.com/inflight/-/inflight-1.0.6.tgz#49bd6331d7d02d0c09bc910a1075ba8165b56df9"
  integrity sha512-k92I/b08q4wvFscXCLvqfsHCrjrF7yiXsQuIVvVE7N82W3+aqpzuUdBbfhWcy/FZR3/4IgflMgKLOsvPDrGCJA==
  dependencies:
    once "^1.3.0"
    wrappy "1"

inherits@2:
  version "2.0.4"
  resolved "https://registry.yarnpkg.com/inherits/-/inherits-2.0.4.tgz#0fa2c64f932917c3433a0ded55363aae37416b7c"
  integrity sha512-k/vGaX4/Yla3WzyMCvTQOXYeIHvqOKtnqBduzTHpzpQZzAskKMhZ2K+EnBiSM9zGSoIFeMpXKxa4dYeZIQqewQ==

is-core-module@^2.9.0:
  version "2.9.0"
  resolved "https://registry.yarnpkg.com/is-core-module/-/is-core-module-2.9.0.tgz#e1c34429cd51c6dd9e09e0799e396e27b19a9c69"
  integrity sha512-+5FPy5PnwmO3lvfMb0AsoPaBG+5KHUI0wYFXOtYPnVVVspTFUuMZNfNaNVRt3FZadstu2c8x23vykRW/NBoU6A==
  dependencies:
    has "^1.0.3"

lilconfig@^2.0.5:
  version "2.0.6"
  resolved "https://registry.yarnpkg.com/lilconfig/-/lilconfig-2.0.6.tgz#32a384558bd58af3d4c6e077dd1ad1d397bc69d4"
  integrity sha512-9JROoBW7pobfsx+Sq2JsASvCo6Pfo6WWoUW79HuB1BCoBXD4PLWJPqDF6fNj67pqBYTbAHkE57M1kS/+L1neOg==

minimatch@^5.0.1:
  version "5.1.0"
  resolved "https://registry.yarnpkg.com/minimatch/-/minimatch-5.1.0.tgz#1717b464f4971b144f6aabe8f2d0b8e4511e09c7"
  integrity sha512-9TPBGGak4nHfGZsPBohm9AWg6NoT7QTCehS3BIJABslyZbzxfV78QM2Y6+i741OPZIafFAaiiEMh5OyIrJPgtg==
  dependencies:
    brace-expansion "^2.0.1"

nanoid@^3.3.6:
  version "3.3.6"
  resolved "https://registry.yarnpkg.com/nanoid/-/nanoid-3.3.6.tgz#443380c856d6e9f9824267d960b4236ad583ea4c"
  integrity sha512-BGcqMMJuToF7i1rt+2PWSNVnWIkGCU78jBG3RxO/bZlnZPK2Cmi2QaffxGO/2RvWi9sL+FAiRiXMgsyxQ1DIDA==

node-releases@^2.0.8:
  version "2.0.10"
  resolved "https://registry.yarnpkg.com/node-releases/-/node-releases-2.0.10.tgz#c311ebae3b6a148c89b1813fd7c4d3c024ef537f"
  integrity sha512-5GFldHPXVG/YZmFzJvKK2zDSzPKhEp0+ZR5SVaoSag9fsL5YgHbUHDfnG5494ISANDcK4KwPXAx2xqVEydmd7w==

normalize-range@^0.1.2:
  version "0.1.2"
  resolved "https://registry.yarnpkg.com/normalize-range/-/normalize-range-0.1.2.tgz#2d10c06bdfd312ea9777695a4d28439456b75942"
  integrity sha512-bdok/XvKII3nUpklnV6P2hxtMNrCboOjAcyBuQnWEhO665FwrSNRxU+AqpsyvO6LgGYPspN+lu5CLtw4jPRKNA==

once@^1.3.0:
  version "1.4.0"
  resolved "https://registry.yarnpkg.com/once/-/once-1.4.0.tgz#583b1aa775961d4b113ac17d9c50baef9dd76bd1"
  integrity sha512-lNaJgI+2Q5URQBkccEKHTQOPaXdUxnZZElQTZY0MFUAuaEqe1E+Nyvgdz/aIyNi6Z9MzO5dv1H8n58/GELp3+w==
  dependencies:
    wrappy "1"

path-parse@^1.0.7:
  version "1.0.7"
  resolved "https://registry.yarnpkg.com/path-parse/-/path-parse-1.0.7.tgz#fbc114b60ca42b30d9daf5858e4bd68bbedb6735"
  integrity sha512-LDJzPVEEEPR+y48z93A0Ed0yXb8pAByGWo/k5YYdYgpY2/2EsOsksJrq7lOHxryrVOn1ejG6oAp8ahvOIQD8sw==

picocolors@^1.0.0:
  version "1.0.0"
  resolved "https://registry.yarnpkg.com/picocolors/-/picocolors-1.0.0.tgz#cb5bdc74ff3f51892236eaf79d68bc44564ab81c"
  integrity sha512-1fygroTLlHu66zi26VoTDv8yRgm0Fccecssto+MhsZ0D/DGW2sm8E8AjW7NU5VVTRt5GxbeZ5qBuJr+HyLYkjQ==

pify@^2.3.0:
  version "2.3.0"
  resolved "https://registry.yarnpkg.com/pify/-/pify-2.3.0.tgz#ed141a6ac043a849ea588498e7dca8b15330e90c"
  integrity sha512-udgsAY+fTnvv7kI7aaxbqwWNb0AHiB0qBO89PZKPkoTmGOgdbrHDKD+0B2X4uTfJ/FT1R09r9gTsjUjNJotuog==

postcss-attribute-case-insensitive@^6.0.2:
  version "6.0.2"
  resolved "https://registry.yarnpkg.com/postcss-attribute-case-insensitive/-/postcss-attribute-case-insensitive-6.0.2.tgz#e843091859323342e461878d201ee70278809e01"
  integrity sha512-IRuCwwAAQbgaLhxQdQcIIK0dCVXg3XDUnzgKD8iwdiYdwU4rMWRWyl/W9/0nA4ihVpq5pyALiHB2veBJ0292pw==
  dependencies:
    postcss-selector-parser "^6.0.10"

postcss-clamp@^4.1.0:
  version "4.1.0"
  resolved "https://registry.yarnpkg.com/postcss-clamp/-/postcss-clamp-4.1.0.tgz#7263e95abadd8c2ba1bd911b0b5a5c9c93e02363"
  integrity sha512-ry4b1Llo/9zz+PKC+030KUnPITTJAHeOwjfAyyB60eT0AorGLdzp52s31OsPRHRf8NchkgFoG2y6fCfn1IV1Ow==
  dependencies:
    postcss-value-parser "^4.2.0"

postcss-color-functional-notation@^5.0.2:
  version "5.0.2"
  resolved "https://registry.yarnpkg.com/postcss-color-functional-notation/-/postcss-color-functional-notation-5.0.2.tgz#6d03c928aa3a13487703af86c301bdcd501e7430"
  integrity sha512-M6ygxWOyd6eWf3sd1Lv8xi4SeF4iBPfJvkfMU4ITh8ExJc1qhbvh/U8Cv/uOvBgUVOMDdScvCdlg8+hREQzs7w==
  dependencies:
    postcss-value-parser "^4.2.0"

postcss-color-hex-alpha@^9.0.2:
  version "9.0.2"
  resolved "https://registry.yarnpkg.com/postcss-color-hex-alpha/-/postcss-color-hex-alpha-9.0.2.tgz#6d3ed50342802469880981a1999515d003ff7d79"
  integrity sha512-SfPjgr//VQ/DOCf80STIAsdAs7sbIbxATvVmd+Ec7JvR8onz9pjawhq3BJM3Pie40EE3TyB0P6hft16D33Nlyg==
  dependencies:
    postcss-value-parser "^4.2.0"

postcss-color-rebeccapurple@^8.0.2:
  version "8.0.2"
  resolved "https://registry.yarnpkg.com/postcss-color-rebeccapurple/-/postcss-color-rebeccapurple-8.0.2.tgz#c0f2dcf1ef4dd393314920aa181cca8c390a2648"
  integrity sha512-xWf/JmAxVoB5bltHpXk+uGRoGFwu4WDAR7210el+iyvTdqiKpDhtcT8N3edXMoVJY0WHFMrKMUieql/wRNiXkw==
  dependencies:
    postcss-value-parser "^4.2.0"

postcss-custom-media@^9.1.3:
  version "9.1.3"
  resolved "https://registry.yarnpkg.com/postcss-custom-media/-/postcss-custom-media-9.1.3.tgz#68bb2ae377bb07c19f03f252930cc380af894dce"
  integrity sha512-W1C4Fu6KAZ7sKYQCuGMr8gyaE4BtjTQGPLVS4m0WCaWM6l7PgVbvmDeb4ClBc5R/7kdwESYf0hdxGtEPhi9CLA==
  dependencies:
    "@csstools/cascade-layer-name-parser" "^1.0.2"
    "@csstools/css-parser-algorithms" "^2.1.1"
    "@csstools/css-tokenizer" "^2.1.1"
    "@csstools/media-query-list-parser" "^2.0.4"

postcss-custom-properties@^13.1.5:
  version "13.1.5"
  resolved "https://registry.yarnpkg.com/postcss-custom-properties/-/postcss-custom-properties-13.1.5.tgz#75567e3b4a664f820bcc3ba8b6ae3c8d27db05d1"
  integrity sha512-98DXk81zTGqMVkGANysMHbGIg3voH383DYo3/+c+Abzay3nao+vM/f4Jgzsakk9S7BDsEw5DiW7sFy5G4W2wLA==
  dependencies:
    "@csstools/cascade-layer-name-parser" "^1.0.2"
    "@csstools/css-parser-algorithms" "^2.1.1"
    "@csstools/css-tokenizer" "^2.1.1"
    postcss-value-parser "^4.2.0"

postcss-custom-selectors@^7.1.3:
  version "7.1.3"
  resolved "https://registry.yarnpkg.com/postcss-custom-selectors/-/postcss-custom-selectors-7.1.3.tgz#047e2bc4726fe8e448c23047c99785fcdbe1ef87"
  integrity sha512-GTVscax6O/8s7agFF0HsOoIyjrnAbLjgCUle8tn+0oDGJuVx7p56U7ClSRoC49poxFuMfu2B4Q8GnxSCOeuFKw==
  dependencies:
    "@csstools/cascade-layer-name-parser" "^1.0.2"
    "@csstools/css-parser-algorithms" "^2.1.1"
    "@csstools/css-tokenizer" "^2.1.1"
    postcss-selector-parser "^6.0.4"

postcss-dir-pseudo-class@^7.0.2:
  version "7.0.2"
  resolved "https://registry.yarnpkg.com/postcss-dir-pseudo-class/-/postcss-dir-pseudo-class-7.0.2.tgz#71618b7eb4abe067845d11b3c8f322760c9b3e88"
  integrity sha512-cMnslilYxBf9k3qejnovrUONZx1rXeUZJw06fgIUBzABJe3D2LiLL5WAER7Imt3nrkaIgG05XZBztueLEf5P8w==
  dependencies:
    postcss-selector-parser "^6.0.10"

postcss-double-position-gradients@^4.0.3:
  version "4.0.3"
  resolved "https://registry.yarnpkg.com/postcss-double-position-gradients/-/postcss-double-position-gradients-4.0.3.tgz#9f6e0e17a5b98c3aae1174b8256fc2e2d0220dbf"
  integrity sha512-Td1+C+kFCadnhRBMMf6D/eiQxjp33eAgwgMcLNYzZPcgXt1iU6vi/qEJ/YObp4nwn3QOtudFBMUOVHoGqmpfiA==
  dependencies:
    "@csstools/postcss-progressive-custom-properties" "^2.2.0"
    postcss-value-parser "^4.2.0"

postcss-flexbugs-fixes@^5.0.2:
  version "5.0.2"
  resolved "https://registry.yarnpkg.com/postcss-flexbugs-fixes/-/postcss-flexbugs-fixes-5.0.2.tgz#2028e145313074fc9abe276cb7ca14e5401eb49d"
  integrity sha512-18f9voByak7bTktR2QgDveglpn9DTbBWPUzSOe9g0N4WR/2eSt6Vrcbf0hmspvMI6YWGywz6B9f7jzpFNJJgnQ==

postcss-focus-visible@^8.0.2:
  version "8.0.2"
  resolved "https://registry.yarnpkg.com/postcss-focus-visible/-/postcss-focus-visible-8.0.2.tgz#a7ac26ffe3e9c2bd17d7200d75e2d79ee8110891"
  integrity sha512-f/Vd+EC/GaKElknU59esVcRYr/Y3t1ZAQyL4u2xSOgkDy4bMCmG7VP5cGvj3+BTLNE9ETfEuz2nnt4qkZwTTeA==
  dependencies:
    postcss-selector-parser "^6.0.10"

postcss-focus-within@^7.0.2:
  version "7.0.2"
  resolved "https://registry.yarnpkg.com/postcss-focus-within/-/postcss-focus-within-7.0.2.tgz#5d2c866030e66ed22b204c9506de640943310b1c"
  integrity sha512-AHAJ89UQBcqBvFgQJE9XasGuwMNkKsGj4D/f9Uk60jFmEBHpAL14DrnSk3Rj+SwZTr/WUG+mh+Rvf8fid/346w==
  dependencies:
    postcss-selector-parser "^6.0.10"

postcss-font-variant@^5.0.0:
  version "5.0.0"
  resolved "https://registry.yarnpkg.com/postcss-font-variant/-/postcss-font-variant-5.0.0.tgz#efd59b4b7ea8bb06127f2d031bfbb7f24d32fa66"
  integrity sha512-1fmkBaCALD72CK2a9i468mA/+tr9/1cBxRRMXOUaZqO43oWPR5imcyPjXwuv7PXbCid4ndlP5zWhidQVVa3hmA==

postcss-gap-properties@^4.0.1:
  version "4.0.1"
  resolved "https://registry.yarnpkg.com/postcss-gap-properties/-/postcss-gap-properties-4.0.1.tgz#0347d6a84a46bfbe88bedc542cc4b354e04a8338"
  integrity sha512-V5OuQGw4lBumPlwHWk/PRfMKjaq/LTGR4WDTemIMCaMevArVfCCA9wBJiL1VjDAd+rzuCIlkRoRvDsSiAaZ4Fg==

postcss-image-set-function@^5.0.2:
  version "5.0.2"
  resolved "https://registry.yarnpkg.com/postcss-image-set-function/-/postcss-image-set-function-5.0.2.tgz#088e0f535f43e74d6ea8033ff7b0482e2735ea6e"
  integrity sha512-Sszjwo0ubETX0Fi5MvpYzsONwrsjeabjMoc5YqHvURFItXgIu3HdCjcVuVKGMPGzKRhgaknmdM5uVWInWPJmeg==
  dependencies:
    postcss-value-parser "^4.2.0"

postcss-import@^15.1.0:
  version "15.1.0"
  resolved "https://registry.yarnpkg.com/postcss-import/-/postcss-import-15.1.0.tgz#41c64ed8cc0e23735a9698b3249ffdbf704adc70"
  integrity sha512-hpr+J05B2FVYUAXHeK1YyI267J/dDDhMU6B6civm8hSY1jYJnBXxzKDKDswzJmtLHryrjhnDjqqp/49t8FALew==
  dependencies:
    postcss-value-parser "^4.0.0"
    read-cache "^1.0.0"
    resolve "^1.1.7"

postcss-initial@^4.0.1:
  version "4.0.1"
  resolved "https://registry.yarnpkg.com/postcss-initial/-/postcss-initial-4.0.1.tgz#529f735f72c5724a0fb30527df6fb7ac54d7de42"
  integrity sha512-0ueD7rPqX8Pn1xJIjay0AZeIuDoF+V+VvMt/uOnn+4ezUKhZM/NokDeP6DwMNyIoYByuN/94IQnt5FEkaN59xQ==

postcss-lab-function@^5.2.2:
  version "5.2.2"
  resolved "https://registry.yarnpkg.com/postcss-lab-function/-/postcss-lab-function-5.2.2.tgz#a099c24192f07b49aeea2dc6e1f86fe1cfcbcd68"
  integrity sha512-O5LrVYzOD3anfPqvSL1HiQ8PpKAav74Gst3pXgZBHSFo6t5sws3dLGTQMnw4hgn1t064SODWAjb9KcC39N820A==
  dependencies:
    "@csstools/css-color-parser" "^1.2.0"
    "@csstools/css-parser-algorithms" "^2.1.1"
    "@csstools/css-tokenizer" "^2.1.1"
    "@csstools/postcss-progressive-custom-properties" "^2.2.0"

postcss-load-config@^3.1.4:
  version "3.1.4"
  resolved "https://registry.yarnpkg.com/postcss-load-config/-/postcss-load-config-3.1.4.tgz#1ab2571faf84bb078877e1d07905eabe9ebda855"
  integrity sha512-6DiM4E7v4coTE4uzA8U//WhtPwyhiim3eyjEMFCnUpzbrkK9wJHgKDT2mR+HbtSrd/NubVaYTOpSpjUl8NQeRg==
  dependencies:
    lilconfig "^2.0.5"
    yaml "^1.10.2"

postcss-logical@^6.2.0:
  version "6.2.0"
  resolved "https://registry.yarnpkg.com/postcss-logical/-/postcss-logical-6.2.0.tgz#85e49cfee3ffda839d4befcab9f70c70a7bb337a"
  integrity sha512-aqlfKGaY0nnbgI9jwUikp4gJKBqcH5noU/EdnIVceghaaDPYhZuyJVxlvWNy55tlTG5tunRKCTAX9yljLiFgmw==
  dependencies:
    postcss-value-parser "^4.2.0"

postcss-nesting@^11.2.1:
  version "11.2.2"
  resolved "https://registry.yarnpkg.com/postcss-nesting/-/postcss-nesting-11.2.2.tgz#ddedfea5a1fdcd8d753298d82297ad15d5640c0f"
  integrity sha512-aOTiUniAB1bcPE6GGiynWRa6PZFPhOTAm5q3q5cem6QeSijIHHkWr6gs65ukCZMXeak8yXeZVbBJET3VM+HlhA==
  dependencies:
    "@csstools/selector-specificity" "^2.0.0"
    postcss-selector-parser "^6.0.10"

postcss-opacity-percentage@^2.0.0:
  version "2.0.0"
  resolved "https://registry.yarnpkg.com/postcss-opacity-percentage/-/postcss-opacity-percentage-2.0.0.tgz#c0a56060cd4586e3f954dbde1efffc2deed53002"
  integrity sha512-lyDrCOtntq5Y1JZpBFzIWm2wG9kbEdujpNt4NLannF+J9c8CgFIzPa80YQfdza+Y+yFfzbYj/rfoOsYsooUWTQ==

postcss-overflow-shorthand@^4.0.1:
  version "4.0.1"
  resolved "https://registry.yarnpkg.com/postcss-overflow-shorthand/-/postcss-overflow-shorthand-4.0.1.tgz#cb61ca24d8c4e1dbf14d85181b017cfa6953aa34"
  integrity sha512-HQZ0qi/9iSYHW4w3ogNqVNr2J49DHJAl7r8O2p0Meip38jsdnRPgiDW7r/LlLrrMBMe3KHkvNtAV2UmRVxzLIg==
  dependencies:
    postcss-value-parser "^4.2.0"

postcss-page-break@^3.0.4:
  version "3.0.4"
  resolved "https://registry.yarnpkg.com/postcss-page-break/-/postcss-page-break-3.0.4.tgz#7fbf741c233621622b68d435babfb70dd8c1ee5f"
  integrity sha512-1JGu8oCjVXLa9q9rFTo4MbeeA5FMe00/9C7lN4va606Rdb+HkxXtXsmEDrIraQ11fGz/WvKWa8gMuCKkrXpTsQ==

postcss-place@^8.0.1:
  version "8.0.1"
  resolved "https://registry.yarnpkg.com/postcss-place/-/postcss-place-8.0.1.tgz#408d7a27e99192df51c95fe62a3a34def62aa66a"
  integrity sha512-Ow2LedN8sL4pq8ubukO77phSVt4QyCm35ZGCYXKvRFayAwcpgB0sjNJglDoTuRdUL32q/ZC1VkPBo0AOEr4Uiw==
  dependencies:
    postcss-value-parser "^4.2.0"

postcss-preset-env@^8.4.1:
  version "8.4.1"
  resolved "https://registry.yarnpkg.com/postcss-preset-env/-/postcss-preset-env-8.4.1.tgz#ee65281c26f5f7e3d95e081efdd493460271fd09"
  integrity sha512-IlcUT8ZSuQFWXJ/F+KvqmkzT85u33rlvd36IzM6qhdnccO7Rs3uBrHY802BFjNcPRawqSCDmPv7KKyCzNxx5Fw==
  dependencies:
    "@csstools/postcss-cascade-layers" "^3.0.1"
    "@csstools/postcss-color-function" "^2.2.2"
    "@csstools/postcss-color-mix-function" "^1.0.2"
    "@csstools/postcss-font-format-keywords" "^2.0.2"
    "@csstools/postcss-gradients-interpolation-method" "^3.0.5"
    "@csstools/postcss-hwb-function" "^2.2.2"
    "@csstools/postcss-ic-unit" "^2.0.3"
    "@csstools/postcss-is-pseudo-class" "^3.2.1"
    "@csstools/postcss-logical-float-and-clear" "^1.0.1"
    "@csstools/postcss-logical-resize" "^1.0.1"
    "@csstools/postcss-logical-viewport-units" "^1.0.3"
    "@csstools/postcss-media-minmax" "^1.0.2"
    "@csstools/postcss-media-queries-aspect-ratio-number-values" "^1.0.2"
    "@csstools/postcss-nested-calc" "^2.0.2"
    "@csstools/postcss-normalize-display-values" "^2.0.1"
    "@csstools/postcss-oklab-function" "^2.2.2"
    "@csstools/postcss-progressive-custom-properties" "^2.2.0"
    "@csstools/postcss-relative-color-syntax" "^1.0.0"
    "@csstools/postcss-scope-pseudo-class" "^2.0.2"
    "@csstools/postcss-stepped-value-functions" "^2.1.1"
    "@csstools/postcss-text-decoration-shorthand" "^2.2.4"
    "@csstools/postcss-trigonometric-functions" "^2.1.1"
    "@csstools/postcss-unset-value" "^2.0.1"
    autoprefixer "^10.4.14"
    browserslist "^4.21.5"
    css-blank-pseudo "^5.0.2"
    css-has-pseudo "^5.0.2"
    css-prefers-color-scheme "^8.0.2"
    cssdb "^7.6.0"
    postcss-attribute-case-insensitive "^6.0.2"
    postcss-clamp "^4.1.0"
    postcss-color-functional-notation "^5.0.2"
    postcss-color-hex-alpha "^9.0.2"
    postcss-color-rebeccapurple "^8.0.2"
    postcss-custom-media "^9.1.3"
    postcss-custom-properties "^13.1.5"
    postcss-custom-selectors "^7.1.3"
    postcss-dir-pseudo-class "^7.0.2"
    postcss-double-position-gradients "^4.0.3"
    postcss-focus-visible "^8.0.2"
    postcss-focus-within "^7.0.2"
    postcss-font-variant "^5.0.0"
    postcss-gap-properties "^4.0.1"
    postcss-image-set-function "^5.0.2"
    postcss-initial "^4.0.1"
    postcss-lab-function "^5.2.2"
    postcss-logical "^6.2.0"
    postcss-nesting "^11.2.1"
    postcss-opacity-percentage "^2.0.0"
    postcss-overflow-shorthand "^4.0.1"
    postcss-page-break "^3.0.4"
    postcss-place "^8.0.1"
    postcss-pseudo-class-any-link "^8.0.2"
    postcss-replace-overflow-wrap "^4.0.0"
    postcss-selector-not "^7.0.1"
    postcss-value-parser "^4.2.0"

postcss-pseudo-class-any-link@^8.0.2:
  version "8.0.2"
  resolved "https://registry.yarnpkg.com/postcss-pseudo-class-any-link/-/postcss-pseudo-class-any-link-8.0.2.tgz#f5738503f2045de0c4dc216eca99bd835f74e42e"
  integrity sha512-FYTIuRE07jZ2CW8POvctRgArQJ43yxhr5vLmImdKUvjFCkR09kh8pIdlCwdx/jbFm7MiW4QP58L4oOUv3grQYA==
  dependencies:
    postcss-selector-parser "^6.0.10"

postcss-replace-overflow-wrap@^4.0.0:
  version "4.0.0"
  resolved "https://registry.yarnpkg.com/postcss-replace-overflow-wrap/-/postcss-replace-overflow-wrap-4.0.0.tgz#d2df6bed10b477bf9c52fab28c568b4b29ca4319"
  integrity sha512-KmF7SBPphT4gPPcKZc7aDkweHiKEEO8cla/GjcBK+ckKxiZslIu3C4GCRW3DNfL0o7yW7kMQu9xlZ1kXRXLXtw==

postcss-selector-not@^7.0.1:
  version "7.0.1"
  resolved "https://registry.yarnpkg.com/postcss-selector-not/-/postcss-selector-not-7.0.1.tgz#8142e90c8eb6c8c5faecb3e9d96d4353d02e94fb"
  integrity sha512-1zT5C27b/zeJhchN7fP0kBr16Cc61mu7Si9uWWLoA3Px/D9tIJPKchJCkUH3tPO5D0pCFmGeApAv8XpXBQJ8SQ==
  dependencies:
    postcss-selector-parser "^6.0.10"

postcss-selector-parser@^6.0.10, postcss-selector-parser@^6.0.4:
  version "6.0.10"
  resolved "https://registry.yarnpkg.com/postcss-selector-parser/-/postcss-selector-parser-6.0.10.tgz#79b61e2c0d1bfc2602d549e11d0876256f8df88d"
  integrity sha512-IQ7TZdoaqbT+LCpShg46jnZVlhWD2w6iQYAcYXfHARZ7X1t/UGhhceQDs5X0cGqKvYlHNOuv7Oa1xmb0oQuA3w==
  dependencies:
    cssesc "^3.0.0"
    util-deprecate "^1.0.2"

postcss-value-parser@^4.0.0, postcss-value-parser@^4.2.0:
  version "4.2.0"
  resolved "https://registry.yarnpkg.com/postcss-value-parser/-/postcss-value-parser-4.2.0.tgz#723c09920836ba6d3e5af019f92bc0971c02e514"
  integrity sha512-1NNCs6uurfkVbeXG4S8JFT9t19m45ICnif8zWLd5oPSZ50QnwMfK+H3jv408d4jw/7Bttv5axS5IiHoLaVNHeQ==

postcss@^8.4.23:
  version "8.4.23"
  resolved "https://registry.yarnpkg.com/postcss/-/postcss-8.4.23.tgz#df0aee9ac7c5e53e1075c24a3613496f9e6552ab"
  integrity sha512-bQ3qMcpF6A/YjR55xtoTr0jGOlnPOKAIMdOWiv0EIT6HVPEaJiJB4NLljSbiHoC2RX7DN5Uvjtpbg1NPdwv1oA==
  dependencies:
    nanoid "^3.3.6"
    picocolors "^1.0.0"
    source-map-js "^1.0.2"

read-cache@^1.0.0:
  version "1.0.0"
  resolved "https://registry.yarnpkg.com/read-cache/-/read-cache-1.0.0.tgz#e664ef31161166c9751cdbe8dbcf86b5fb58f774"
  integrity sha512-Owdv/Ft7IjOgm/i0xvNDZ1LrRANRfew4b2prF3OWMQLxLfu3bS8FVhCsrSCMK4lR56Y9ya+AThoTpDCTxCmpRA==
  dependencies:
    pify "^2.3.0"

resolve@^1.1.7:
  version "1.22.1"
  resolved "https://registry.yarnpkg.com/resolve/-/resolve-1.22.1.tgz#27cb2ebb53f91abb49470a928bba7558066ac177"
  integrity sha512-nBpuuYuY5jFsli/JIs1oldw6fOQCBioohqWZg/2hiaOybXOft4lonv85uDOKXdf8rhyK159cxU5cDcK/NKk8zw==
  dependencies:
    is-core-module "^2.9.0"
    path-parse "^1.0.7"
    supports-preserve-symlinks-flag "^1.0.0"

source-map-js@^1.0.2:
  version "1.0.2"
  resolved "https://registry.yarnpkg.com/source-map-js/-/source-map-js-1.0.2.tgz#adbc361d9c62df380125e7f161f71c826f1e490c"
  integrity sha512-R0XvVJ9WusLiqTCEiGCmICCMplcCkIwwR11mOSD9CR5u+IXYdiseeEuXCVAjS54zqwkLcPNnmU4OeJ6tUrWhDw==

supports-preserve-symlinks-flag@^1.0.0:
  version "1.0.0"
  resolved "https://registry.yarnpkg.com/supports-preserve-symlinks-flag/-/supports-preserve-symlinks-flag-1.0.0.tgz#6eda4bd344a3c94aea376d4cc31bc77311039e09"
  integrity sha512-ot0WnXS9fgdkgIcePe6RHNk1WA8+muPa6cSjeR3V8K27q9BB1rTE3R1p7Hv0z1ZyAc8s6Vvv8DIyWf681MAt0w==

update-browserslist-db@^1.0.10:
  version "1.0.10"
  resolved "https://registry.yarnpkg.com/update-browserslist-db/-/update-browserslist-db-1.0.10.tgz#0f54b876545726f17d00cd9a2561e6dade943ff3"
  integrity sha512-OztqDenkfFkbSG+tRxBeAnCVPckDBcvibKd35yDONx6OU8N7sqgwc7rCbkJ/WcYtVRZ4ba68d6byhC21GFh7sQ==
  dependencies:
    escalade "^3.1.1"
    picocolors "^1.0.0"

util-deprecate@^1.0.2:
  version "1.0.2"
  resolved "https://registry.yarnpkg.com/util-deprecate/-/util-deprecate-1.0.2.tgz#450d4dc9fa70de732762fbd2d4a28981419a0ccf"
  integrity sha512-EPD5q1uXyFxJpCrLnCc1nHnq3gOa6DZBocAIiI2TaSCA7VCJ1UJDMagCzIkXNsUYfD1daK//LTEQ8xiIbrHtcw==

wrappy@1:
  version "1.0.2"
  resolved "https://registry.yarnpkg.com/wrappy/-/wrappy-1.0.2.tgz#b5243d8f3ec1aa35f1364605bc0d1036e30ab69f"
  integrity sha512-l4Sp/DRseor9wL6EvV2+TuQn63dMkPjZ/sp9XkghTEbV9KlPS1xUsZ3u7/IQO4wxtcFB4bgpQPRcR3QCvezPcQ==

yaml@^1.10.2:
  version "1.10.2"
  resolved "https://registry.yarnpkg.com/yaml/-/yaml-1.10.2.tgz#2301c5ffbf12b467de8da2333a459e29e7920e4b"
  integrity sha512-r3vXyErRCYJ7wg28yvBY5VSoAF8ZvlcW9/BwUzEtUsjvX/DKs24dIkuwjtuprwJJHsbyUbLApepYTR1BN4uHrg==
