# THIS IS AN AUTOGENERATED FILE. DO NOT EDIT THIS FILE DIRECTLY.
# yarn lockfile v1


"@csstools/cascade-layer-name-parser@^1.0.0":
  version "1.0.1"
  resolved "https://registry.yarnpkg.com/@csstools/cascade-layer-name-parser/-/cascade-layer-name-parser-1.0.1.tgz#5957adeb71be8159e543d37a9c48e124dcd6c32e"
  integrity sha512-SAAi5DpgJJWkfTvWSaqkgyIsTawa83hMwKrktkj6ra2h+q6ZN57vOGZ6ySHq6RSo+CbP64fA3aPChPBRDDUgtw==

"@csstools/color-helpers@^1.0.0":
  version "1.0.0"
  resolved "https://registry.yarnpkg.com/@csstools/color-helpers/-/color-helpers-1.0.0.tgz#7097722a51da1e9e622345ca000261f1ae6e8f58"
  integrity sha512-tgqtiV8sU/VaWYjOB3O7PWs7HR/MmOLl2kTYRW2qSsTSEniJq7xmyAYFB1LPpXvvQcE5u2ih2dK9fyc8BnrAGQ==

"@csstools/color-helpers@^2.0.0":
  version "2.0.0"
  resolved "https://registry.yarnpkg.com/@csstools/color-helpers/-/color-helpers-2.0.0.tgz#4ac578cb00b4e853b94f2250267d85ba957c4fc9"
  integrity sha512-VcPjEnp07RNgz/D+oI2uIALg+IPCSl6mj0XhA3pl3F2bM2B95vgzatExmmzSg/X0zkh+R2v+jFY/J2pV/bnwpw==

"@csstools/css-calc@^1.0.0":
  version "1.0.0"
  resolved "https://registry.yarnpkg.com/@csstools/css-calc/-/css-calc-1.0.0.tgz#f93e4cc9d80b504467aee1b5251bb2fd8be435a7"
  integrity sha512-Xw0b/Jr+vLGGYD8cxsGWPaY5n1GtVC6G4tcga+eZPXZzRjjZHorPwW739UgtXzL2Da1RLxNE73c0r/KvmizPsw==

"@csstools/css-calc@^1.0.1":
  version "1.0.1"
  resolved "https://registry.yarnpkg.com/@csstools/css-calc/-/css-calc-1.0.1.tgz#c478dbfb2c10e22741b261b2a64998960d69bfc7"
  integrity sha512-VBI8X0bmStfc85wWTa2bsbnlBQxgW4FmJ0Ts9ar9UqytE6kii3yg6GO+wpgzht2oK5Qlbpkm1Fy2kcqVmu6f3Q==

"@csstools/css-color-parser@^1.0.0":
  version "1.0.0"
  resolved "https://registry.yarnpkg.com/@csstools/css-color-parser/-/css-color-parser-1.0.0.tgz#a0e88b34ec8b8cce75f65fbadf9b784a2daa39e5"
  integrity sha512-u3JrK+pQIGGnXe+YhohWwAwOum2y25NRdEjRQFD3moMnOJgmU/nj8BPAF6DDQAooy8Ty9RNKiAh2njuqwMgUNQ==
  dependencies:
    "@csstools/color-helpers" "^2.0.0"
    "@csstools/css-calc" "^1.0.1"

"@csstools/css-parser-algorithms@^2.0.0", "@csstools/css-parser-algorithms@^2.0.1":
  version "2.0.1"
  resolved "https://registry.yarnpkg.com/@csstools/css-parser-algorithms/-/css-parser-algorithms-2.0.1.tgz#ff02629c7c95d1f4f8ea84d5ef1173461610535e"
  integrity sha512-B9/8PmOtU6nBiibJg0glnNktQDZ3rZnGn/7UmDfrm2vMtrdlXO3p7ErE95N0up80IRk9YEtB5jyj/TmQ1WH3dw==

"@csstools/css-tokenizer@^2.0.0", "@csstools/css-tokenizer@^2.0.1", "@csstools/css-tokenizer@^2.1.0":
  version "2.1.0"
  resolved "https://registry.yarnpkg.com/@csstools/css-tokenizer/-/css-tokenizer-2.1.0.tgz#fee4de3d444db3ce9007f3af6474af8ba3e4b930"
  integrity sha512-dtqFyoJBHUxGi9zPZdpCKP1xk8tq6KPHJ/NY4qWXiYo6IcSGwzk3L8x2XzZbbyOyBs9xQARoGveU2AsgLj6D2A==

"@csstools/media-query-list-parser@^2.0.0":
  version "2.0.1"
  resolved "https://registry.yarnpkg.com/@csstools/media-query-list-parser/-/media-query-list-parser-2.0.1.tgz#d85a366811563a5d002755ed10e5212a1613c91d"
  integrity sha512-X2/OuzEbjaxhzm97UJ+95GrMeT29d1Ib+Pu+paGLuRWZnWRK9sI9r3ikmKXPWGA1C4y4JEdBEFpp9jEqCvLeRA==

"@csstools/postcss-cascade-layers@^3.0.1":
  version "3.0.1"
  resolved "https://registry.yarnpkg.com/@csstools/postcss-cascade-layers/-/postcss-cascade-layers-3.0.1.tgz#d839386e90428b448e3f75276bc01d516e852a0d"
  integrity sha512-dD8W98dOYNOH/yX4V4HXOhfCOnvVAg8TtsL+qCGNoKXuq5z2C/d026wGWgySgC8cajXXo/wNezS31Glj5GcqrA==
  dependencies:
    "@csstools/selector-specificity" "^2.0.2"
    postcss-selector-parser "^6.0.10"

"@csstools/postcss-color-function@^2.1.0":
  version "2.2.0"
  resolved "https://registry.yarnpkg.com/@csstools/postcss-color-function/-/postcss-color-function-2.2.0.tgz#b9251d5dd13e56c5893a220c32008ac5af4b009f"
  integrity sha512-4z3k3p35Gmv4ZDX79OytvhwYx6Hz+y3hitikw2F+XG1yhSjalXoMCV04atgLjc/ThLg+Hwnp1pxhQ2G07UHknQ==
  dependencies:
    "@csstools/css-color-parser" "^1.0.0"
    "@csstools/css-parser-algorithms" "^2.0.1"
    "@csstools/css-tokenizer" "^2.1.0"
    "@csstools/postcss-progressive-custom-properties" "^2.0.0"

"@csstools/postcss-color-mix-function@^1.0.0":
  version "1.0.0"
  resolved "https://registry.yarnpkg.com/@csstools/postcss-color-mix-function/-/postcss-color-mix-function-1.0.0.tgz#8d65782527eefc7228ea6fb9b6fa936e52b9b4ad"
  integrity sha512-JuI8SKpE/XIpfmvALcxvk6flaq36KCJwqQgZ958Jz189r1diQZADq+7xFmjcv+B0vHQ4nSa92gGExtzOZ1iiUg==
  dependencies:
    "@csstools/css-color-parser" "^1.0.0"
    "@csstools/css-parser-algorithms" "^2.0.1"
    "@csstools/css-tokenizer" "^2.1.0"
    "@csstools/postcss-progressive-custom-properties" "^2.0.0"

"@csstools/postcss-font-format-keywords@^2.0.2":
  version "2.0.2"
  resolved "https://registry.yarnpkg.com/@csstools/postcss-font-format-keywords/-/postcss-font-format-keywords-2.0.2.tgz#d798d96f4af6cddcfee459f598c976e6011042d2"
  integrity sha512-iKYZlIs6JsNT7NKyRjyIyezTCHLh4L4BBB3F5Nx7Dc4Z/QmBgX+YJFuUSar8IM6KclGiAUFGomXFdYxAwJydlA==
  dependencies:
    postcss-value-parser "^4.2.0"

"@csstools/postcss-hwb-function@^2.2.0":
  version "2.2.0"
  resolved "https://registry.yarnpkg.com/@csstools/postcss-hwb-function/-/postcss-hwb-function-2.2.0.tgz#80ee5780b88994b1128ad67f98d468798413b7d7"
  integrity sha512-7gDPKacr3KhonzEyj4dzAEcetFJbN+JVPZXtANpf9SAVUHDUK+cCw7367uRlXnCeAoTdmRAyBk3agg2+snFxAw==
  dependencies:
    "@csstools/css-color-parser" "^1.0.0"
    "@csstools/css-parser-algorithms" "^2.0.1"
    "@csstools/css-tokenizer" "^2.1.0"

"@csstools/postcss-ic-unit@^2.0.2":
  version "2.0.2"
  resolved "https://registry.yarnpkg.com/@csstools/postcss-ic-unit/-/postcss-ic-unit-2.0.2.tgz#5a5e481c53977deec3d63793788eec924d4c5f7d"
  integrity sha512-N84qGTJkfLTPj2qOG5P4CIqGjpZBbjOEMKMn+UjO5wlb9lcBTfBsxCF0lQsFdWJUzBHYFOz19dL66v71WF3Pig==
  dependencies:
    "@csstools/postcss-progressive-custom-properties" "^2.0.0"
    postcss-value-parser "^4.2.0"

"@csstools/postcss-is-pseudo-class@^3.1.1":
  version "3.1.1"
  resolved "https://registry.yarnpkg.com/@csstools/postcss-is-pseudo-class/-/postcss-is-pseudo-class-3.1.1.tgz#81b0f3ba388bf3c8966e1a4413e1839beef7960e"
  integrity sha512-hhiacuby4YdUnnxfCYCRMBIobyJImozf0u+gHSbQ/tNOdwvmrZtVROvgW7zmfYuRkHVDNZJWZslq2v5jOU+j/A==
  dependencies:
    "@csstools/selector-specificity" "^2.0.0"
    postcss-selector-parser "^6.0.10"

"@csstools/postcss-logical-float-and-clear@^1.0.1":
  version "1.0.1"
  resolved "https://registry.yarnpkg.com/@csstools/postcss-logical-float-and-clear/-/postcss-logical-float-and-clear-1.0.1.tgz#d255ea7aad18880930b63d8a04164f56182f2ecf"
  integrity sha512-eO9z2sMLddvlfFEW5Fxbjyd03zaO7cJafDurK4rCqyRt9P7aaWwha0LcSzoROlcZrw1NBV2JAp2vMKfPMQO1xw==

"@csstools/postcss-logical-resize@^1.0.1":
  version "1.0.1"
  resolved "https://registry.yarnpkg.com/@csstools/postcss-logical-resize/-/postcss-logical-resize-1.0.1.tgz#826d3de929d7d786c32c2c118f78e813a1c2cdec"
  integrity sha512-x1ge74eCSvpBkDDWppl+7FuD2dL68WP+wwP2qvdUcKY17vJksz+XoE1ZRV38uJgS6FNUwC0AxrPW5gy3MxsDHQ==
  dependencies:
    postcss-value-parser "^4.2.0"

"@csstools/postcss-logical-viewport-units@^1.0.2":
  version "1.0.2"
  resolved "https://registry.yarnpkg.com/@csstools/postcss-logical-viewport-units/-/postcss-logical-viewport-units-1.0.2.tgz#b968c57e1459429b48b24e2c250ca0904d71df6e"
  integrity sha512-nnKFywBqRMYjv5jyjSplD/nbAnboUEGFfdxKw1o34Y1nvycgqjQavhKkmxbORxroBBIDwC5y6SfgENcPPUcOxQ==
  dependencies:
    "@csstools/css-tokenizer" "^2.0.0"

"@csstools/postcss-media-queries-aspect-ratio-number-values@^1.0.1":
  version "1.0.1"
  resolved "https://registry.yarnpkg.com/@csstools/postcss-media-queries-aspect-ratio-number-values/-/postcss-media-queries-aspect-ratio-number-values-1.0.1.tgz#fd6a8e50c2d6d46a5c95b6cdc5563a091fa2f0fa"
  integrity sha512-V9yQqXdje6OfqDf6EL5iGOpi6N0OEczwYK83rql9UapQwFEryXlAehR5AqH8QqLYb6+y31wUXK6vMxCp0920Zg==
  dependencies:
    "@csstools/css-parser-algorithms" "^2.0.0"
    "@csstools/css-tokenizer" "^2.0.0"
    "@csstools/media-query-list-parser" "^2.0.0"

"@csstools/postcss-nested-calc@^2.0.2":
  version "2.0.2"
  resolved "https://registry.yarnpkg.com/@csstools/postcss-nested-calc/-/postcss-nested-calc-2.0.2.tgz#a0857650ef88b1aa7b094c7ea8ea1378c35695e0"
  integrity sha512-jbwrP8rN4e7LNaRcpx3xpMUjhtt34I9OV+zgbcsYAAk6k1+3kODXJBf95/JMYWhu9g1oif7r06QVUgfWsKxCFw==
  dependencies:
    postcss-value-parser "^4.2.0"

"@csstools/postcss-normalize-display-values@^2.0.1":
  version "2.0.1"
  resolved "https://registry.yarnpkg.com/@csstools/postcss-normalize-display-values/-/postcss-normalize-display-values-2.0.1.tgz#35dc188c5b4713cf902959fe3c8ce613fcb7543e"
  integrity sha512-TQT5g3JQ5gPXC239YuRK8jFceXF9d25ZvBkyjzBGGoW5st5sPXFVQS8OjYb9IJ/K3CdfK4528y483cgS2DJR/w==
  dependencies:
    postcss-value-parser "^4.2.0"

"@csstools/postcss-oklab-function@^2.2.0":
  version "2.2.0"
  resolved "https://registry.yarnpkg.com/@csstools/postcss-oklab-function/-/postcss-oklab-function-2.2.0.tgz#4f9c91736316eb881d932681ae566a38af554a39"
  integrity sha512-5QMtgn9IWpeTbbt8DwLvr41CQRJef2fKhznTFQI1Og/v3zr/uKYu+aSKZEEaoZnO9OophM4YJnkVJne3CqvJDQ==
  dependencies:
    "@csstools/css-color-parser" "^1.0.0"
    "@csstools/css-parser-algorithms" "^2.0.1"
    "@csstools/css-tokenizer" "^2.1.0"
    "@csstools/postcss-progressive-custom-properties" "^2.0.0"

"@csstools/postcss-progressive-custom-properties@^2.0.0", "@csstools/postcss-progressive-custom-properties@^2.1.0":
  version "2.1.1"
  resolved "https://registry.yarnpkg.com/@csstools/postcss-progressive-custom-properties/-/postcss-progressive-custom-properties-2.1.1.tgz#82df9314451db63bf7f4975a4d32f148e85db490"
  integrity sha512-6p8eO5+j+9hn4h2Klr9dbmya0GIb9SRrnPaCxqR1muVlV1waAZq6YkmlApEwXrox9qxggSwGZD5TnLRIY9f7WA==
  dependencies:
    postcss-value-parser "^4.2.0"

"@csstools/postcss-scope-pseudo-class@^2.0.2":
  version "2.0.2"
  resolved "https://registry.yarnpkg.com/@csstools/postcss-scope-pseudo-class/-/postcss-scope-pseudo-class-2.0.2.tgz#6325e1e3b321093c59b008ec670bb772e17f06fe"
  integrity sha512-6Pvo4uexUCXt+Hz5iUtemQAcIuCYnL+ePs1khFR6/xPgC92aQLJ0zGHonWoewiBE+I++4gXK3pr+R1rlOFHe5w==
  dependencies:
    postcss-selector-parser "^6.0.10"

"@csstools/postcss-stepped-value-functions@^2.1.0":
  version "2.1.0"
  resolved "https://registry.yarnpkg.com/@csstools/postcss-stepped-value-functions/-/postcss-stepped-value-functions-2.1.0.tgz#8ca134a7f70e00b14f5796fb32ed33a656ba0b1b"
  integrity sha512-CkEo9BF8fQeMoXW3biXjlgTLY7PA4UFihn6leq7hPoRzIguLUI0WZIVgsITGXfX8LXmkhCSTjXO2DLYu/LUixQ==
  dependencies:
    "@csstools/css-calc" "^1.0.0"
    "@csstools/css-parser-algorithms" "^2.0.1"
    "@csstools/css-tokenizer" "^2.0.1"

"@csstools/postcss-text-decoration-shorthand@^2.2.1":
  version "2.2.2"
  resolved "https://registry.yarnpkg.com/@csstools/postcss-text-decoration-shorthand/-/postcss-text-decoration-shorthand-2.2.2.tgz#75539827b56905f7c2e8273c0358cc6fec5ca72d"
  integrity sha512-aR9l/V7p0SkdrIyBysqlQWIbGXeGC7U4ccBAIlWMpVpG/MsGhxs1JvdBpjim4UDF3U+1VmF+MbvZFb7dL+d7XA==
  dependencies:
    "@csstools/color-helpers" "^1.0.0"
    postcss-value-parser "^4.2.0"

"@csstools/postcss-trigonometric-functions@^2.1.0":
  version "2.1.0"
  resolved "https://registry.yarnpkg.com/@csstools/postcss-trigonometric-functions/-/postcss-trigonometric-functions-2.1.0.tgz#5a489975d445b9e79c6cb5f0f01ae711ec86639d"
  integrity sha512-Ly7YczO+QdnByYeGqlppJoA2Tb2vsFfj5gSrszPTXJ+/4g3nnEZnG0VSeTK/WA8y7fzyL/qVNkkdEeOnruNWFQ==
  dependencies:
    "@csstools/css-calc" "^1.0.0"
    "@csstools/css-parser-algorithms" "^2.0.1"
    "@csstools/css-tokenizer" "^2.0.1"

"@csstools/postcss-unset-value@^2.0.1":
  version "2.0.1"
  resolved "https://registry.yarnpkg.com/@csstools/postcss-unset-value/-/postcss-unset-value-2.0.1.tgz#67091dd6cff556bff896c95053eb070cc6b21c25"
  integrity sha512-oJ9Xl29/yU8U7/pnMJRqAZd4YXNCfGEdcP4ywREuqm/xMqcgDNDppYRoCGDt40aaZQIEKBS79LytUDN/DHf0Ew==

"@csstools/selector-specificity@^2.0.0", "@csstools/selector-specificity@^2.0.2":
  version "2.0.2"
  resolved "https://registry.yarnpkg.com/@csstools/selector-specificity/-/selector-specificity-2.0.2.tgz#1bfafe4b7ed0f3e4105837e056e0a89b108ebe36"
  integrity sha512-IkpVW/ehM1hWKln4fCA3NzJU8KwD+kIOvPZA4cqxoJHtE21CCzjyp+Kxbu0i5I4tBNOlXPL9mjwnWlL0VEG4Fg==

"@csstools/selector-specificity@^2.0.1":
  version "2.1.1"
  resolved "https://registry.yarnpkg.com/@csstools/selector-specificity/-/selector-specificity-2.1.1.tgz#c9c61d9fe5ca5ac664e1153bb0aa0eba1c6d6308"
  integrity sha512-jwx+WCqszn53YHOfvFMJJRd/B2GqkCBt+1MJSG6o5/s8+ytHMvDZXsJgUEWLk12UnLd7HYKac4BYU5i/Ron1Cw==

"@esbuild/android-arm64@0.17.15":
  version "0.17.15"
  resolved "https://registry.yarnpkg.com/@esbuild/android-arm64/-/android-arm64-0.17.15.tgz#893ad71f3920ccb919e1757c387756a9bca2ef42"
  integrity sha512-0kOB6Y7Br3KDVgHeg8PRcvfLkq+AccreK///B4Z6fNZGr/tNHX0z2VywCc7PTeWp+bPvjA5WMvNXltHw5QjAIA==

"@esbuild/android-arm@0.17.15":
  version "0.17.15"
  resolved "https://registry.yarnpkg.com/@esbuild/android-arm/-/android-arm-0.17.15.tgz#143e0d4e4c08c786ea410b9a7739779a9a1315d8"
  integrity sha512-sRSOVlLawAktpMvDyJIkdLI/c/kdRTOqo8t6ImVxg8yT7LQDUYV5Rp2FKeEosLr6ZCja9UjYAzyRSxGteSJPYg==

"@esbuild/android-x64@0.17.15":
  version "0.17.15"
  resolved "https://registry.yarnpkg.com/@esbuild/android-x64/-/android-x64-0.17.15.tgz#d2d12a7676b2589864281b2274355200916540bc"
  integrity sha512-MzDqnNajQZ63YkaUWVl9uuhcWyEyh69HGpMIrf+acR4otMkfLJ4sUCxqwbCyPGicE9dVlrysI3lMcDBjGiBBcQ==

"@esbuild/darwin-arm64@0.17.15":
  version "0.17.15"
  resolved "https://registry.yarnpkg.com/@esbuild/darwin-arm64/-/darwin-arm64-0.17.15.tgz#2e88e79f1d327a2a7d9d06397e5232eb0a473d61"
  integrity sha512-7siLjBc88Z4+6qkMDxPT2juf2e8SJxmsbNVKFY2ifWCDT72v5YJz9arlvBw5oB4W/e61H1+HDB/jnu8nNg0rLA==

"@esbuild/darwin-x64@0.17.15":
  version "0.17.15"
  resolved "https://registry.yarnpkg.com/@esbuild/darwin-x64/-/darwin-x64-0.17.15.tgz#9384e64c0be91388c57be6d3a5eaf1c32a99c91d"
  integrity sha512-NbImBas2rXwYI52BOKTW342Tm3LTeVlaOQ4QPZ7XuWNKiO226DisFk/RyPk3T0CKZkKMuU69yOvlapJEmax7cg==

"@esbuild/freebsd-arm64@0.17.15":
  version "0.17.15"
  resolved "https://registry.yarnpkg.com/@esbuild/freebsd-arm64/-/freebsd-arm64-0.17.15.tgz#2ad5a35bc52ebd9ca6b845dbc59ba39647a93c1a"
  integrity sha512-Xk9xMDjBVG6CfgoqlVczHAdJnCs0/oeFOspFap5NkYAmRCT2qTn1vJWA2f419iMtsHSLm+O8B6SLV/HlY5cYKg==

"@esbuild/freebsd-x64@0.17.15":
  version "0.17.15"
  resolved "https://registry.yarnpkg.com/@esbuild/freebsd-x64/-/freebsd-x64-0.17.15.tgz#b513a48446f96c75fda5bef470e64d342d4379cd"
  integrity sha512-3TWAnnEOdclvb2pnfsTWtdwthPfOz7qAfcwDLcfZyGJwm1SRZIMOeB5FODVhnM93mFSPsHB9b/PmxNNbSnd0RQ==

"@esbuild/linux-arm64@0.17.15":
  version "0.17.15"
  resolved "https://registry.yarnpkg.com/@esbuild/linux-arm64/-/linux-arm64-0.17.15.tgz#9697b168175bfd41fa9cc4a72dd0d48f24715f31"
  integrity sha512-T0MVnYw9KT6b83/SqyznTs/3Jg2ODWrZfNccg11XjDehIved2oQfrX/wVuev9N936BpMRaTR9I1J0tdGgUgpJA==

"@esbuild/linux-arm@0.17.15":
  version "0.17.15"
  resolved "https://registry.yarnpkg.com/@esbuild/linux-arm/-/linux-arm-0.17.15.tgz#5b22062c54f48cd92fab9ffd993732a52db70cd3"
  integrity sha512-MLTgiXWEMAMr8nmS9Gigx43zPRmEfeBfGCwxFQEMgJ5MC53QKajaclW6XDPjwJvhbebv+RzK05TQjvH3/aM4Xw==

"@esbuild/linux-ia32@0.17.15":
  version "0.17.15"
  resolved "https://registry.yarnpkg.com/@esbuild/linux-ia32/-/linux-ia32-0.17.15.tgz#eb28a13f9b60b5189fcc9e98e1024f6b657ba54c"
  integrity sha512-wp02sHs015T23zsQtU4Cj57WiteiuASHlD7rXjKUyAGYzlOKDAjqK6bk5dMi2QEl/KVOcsjwL36kD+WW7vJt8Q==

"@esbuild/linux-loong64@0.17.15":
  version "0.17.15"
  resolved "https://registry.yarnpkg.com/@esbuild/linux-loong64/-/linux-loong64-0.17.15.tgz#32454bdfe144cf74b77895a8ad21a15cb81cfbe5"
  integrity sha512-k7FsUJjGGSxwnBmMh8d7IbObWu+sF/qbwc+xKZkBe/lTAF16RqxRCnNHA7QTd3oS2AfGBAnHlXL67shV5bBThQ==

"@esbuild/linux-mips64el@0.17.15":
  version "0.17.15"
  resolved "https://registry.yarnpkg.com/@esbuild/linux-mips64el/-/linux-mips64el-0.17.15.tgz#af12bde0d775a318fad90eb13a0455229a63987c"
  integrity sha512-ZLWk6czDdog+Q9kE/Jfbilu24vEe/iW/Sj2d8EVsmiixQ1rM2RKH2n36qfxK4e8tVcaXkvuV3mU5zTZviE+NVQ==

"@esbuild/linux-ppc64@0.17.15":
  version "0.17.15"
  resolved "https://registry.yarnpkg.com/@esbuild/linux-ppc64/-/linux-ppc64-0.17.15.tgz#34c5ed145b2dfc493d3e652abac8bd3baa3865a5"
  integrity sha512-mY6dPkIRAiFHRsGfOYZC8Q9rmr8vOBZBme0/j15zFUKM99d4ILY4WpOC7i/LqoY+RE7KaMaSfvY8CqjJtuO4xg==

"@esbuild/linux-riscv64@0.17.15":
  version "0.17.15"
  resolved "https://registry.yarnpkg.com/@esbuild/linux-riscv64/-/linux-riscv64-0.17.15.tgz#87bd515e837f2eb004b45f9e6a94dc5b93f22b92"
  integrity sha512-EcyUtxffdDtWjjwIH8sKzpDRLcVtqANooMNASO59y+xmqqRYBBM7xVLQhqF7nksIbm2yHABptoioS9RAbVMWVA==

"@esbuild/linux-s390x@0.17.15":
  version "0.17.15"
  resolved "https://registry.yarnpkg.com/@esbuild/linux-s390x/-/linux-s390x-0.17.15.tgz#20bf7947197f199ddac2ec412029a414ceae3aa3"
  integrity sha512-BuS6Jx/ezxFuHxgsfvz7T4g4YlVrmCmg7UAwboeyNNg0OzNzKsIZXpr3Sb/ZREDXWgt48RO4UQRDBxJN3B9Rbg==

"@esbuild/linux-x64@0.17.15":
  version "0.17.15"
  resolved "https://registry.yarnpkg.com/@esbuild/linux-x64/-/linux-x64-0.17.15.tgz#31b93f9c94c195e852c20cd3d1914a68aa619124"
  integrity sha512-JsdS0EgEViwuKsw5tiJQo9UdQdUJYuB+Mf6HxtJSPN35vez1hlrNb1KajvKWF5Sa35j17+rW1ECEO9iNrIXbNg==

"@esbuild/netbsd-x64@0.17.15":
  version "0.17.15"
  resolved "https://registry.yarnpkg.com/@esbuild/netbsd-x64/-/netbsd-x64-0.17.15.tgz#8da299b3ac6875836ca8cdc1925826498069ac65"
  integrity sha512-R6fKjtUysYGym6uXf6qyNephVUQAGtf3n2RCsOST/neIwPqRWcnc3ogcielOd6pT+J0RDR1RGcy0ZY7d3uHVLA==

"@esbuild/openbsd-x64@0.17.15":
  version "0.17.15"
  resolved "https://registry.yarnpkg.com/@esbuild/openbsd-x64/-/openbsd-x64-0.17.15.tgz#04a1ec3d4e919714dba68dcf09eeb1228ad0d20c"
  integrity sha512-mVD4PGc26b8PI60QaPUltYKeSX0wxuy0AltC+WCTFwvKCq2+OgLP4+fFd+hZXzO2xW1HPKcytZBdjqL6FQFa7w==

"@esbuild/sunos-x64@0.17.15":
  version "0.17.15"
  resolved "https://registry.yarnpkg.com/@esbuild/sunos-x64/-/sunos-x64-0.17.15.tgz#6694ebe4e16e5cd7dab6505ff7c28f9c1c695ce5"
  integrity sha512-U6tYPovOkw3459t2CBwGcFYfFRjivcJJc1WC8Q3funIwX8x4fP+R6xL/QuTPNGOblbq/EUDxj9GU+dWKX0oWlQ==

"@esbuild/win32-arm64@0.17.15":
  version "0.17.15"
  resolved "https://registry.yarnpkg.com/@esbuild/win32-arm64/-/win32-arm64-0.17.15.tgz#1f95b2564193c8d1fee8f8129a0609728171d500"
  integrity sha512-W+Z5F++wgKAleDABemiyXVnzXgvRFs+GVKThSI+mGgleLWluv0D7Diz4oQpgdpNzh4i2nNDzQtWbjJiqutRp6Q==

"@esbuild/win32-ia32@0.17.15":
  version "0.17.15"
  resolved "https://registry.yarnpkg.com/@esbuild/win32-ia32/-/win32-ia32-0.17.15.tgz#c362b88b3df21916ed7bcf75c6d09c6bf3ae354a"
  integrity sha512-Muz/+uGgheShKGqSVS1KsHtCyEzcdOn/W/Xbh6H91Etm+wiIfwZaBn1W58MeGtfI8WA961YMHFYTthBdQs4t+w==

"@esbuild/win32-x64@0.17.15":
  version "0.17.15"
  resolved "https://registry.yarnpkg.com/@esbuild/win32-x64/-/win32-x64-0.17.15.tgz#c2e737f3a201ebff8e2ac2b8e9f246b397ad19b8"
  integrity sha512-DjDa9ywLUUmjhV2Y9wUTIF+1XsmuFGvZoCmOWkli1XcNAh5t25cc7fgsCx4Zi/Uurep3TTLyDiKATgGEg61pkA==

"@hotwired/turbo@^7.3.0":
  version "7.3.0"
  resolved "https://registry.yarnpkg.com/@hotwired/turbo/-/turbo-7.3.0.tgz#2226000fff1aabda9fd9587474565c9929dbf15d"
  integrity sha512-Dcu+NaSvHLT7EjrDrkEmH4qET2ZJZ5IcCWmNXxNQTBwlnE5tBZfN6WxZ842n5cHV52DH/AKNirbPBtcEXDLW4g==

autoprefixer@^10.4.14:
  version "10.4.14"
  resolved "https://registry.yarnpkg.com/autoprefixer/-/autoprefixer-10.4.14.tgz#e28d49902f8e759dd25b153264e862df2705f79d"
  integrity sha512-FQzyfOsTlwVzjHxKEqRIAdJx9niO6VCBCoEwax/VLSoQF29ggECcPuBqUMZ+u8jCZOPSy8b8/8KnuFbp0SaFZQ==
  dependencies:
    browserslist "^4.21.5"
    caniuse-lite "^1.0.30001464"
    fraction.js "^4.2.0"
    normalize-range "^0.1.2"
    picocolors "^1.0.0"
    postcss-value-parser "^4.2.0"

balanced-match@^1.0.0:
  version "1.0.2"
  resolved "https://registry.yarnpkg.com/balanced-match/-/balanced-match-1.0.2.tgz#e83e3a7e3f300b34cb9d87f615fa0cbf357690ee"
  integrity sha512-3oSeUO0TMV67hN1AmbXsK4yaqU7tjiHlbxRDZOpH0KW9+CeX4bRAaX0Anxt0tx2MrpRpWwQaPwIlISEJhYU5Pw==

brace-expansion@^2.0.1:
  version "2.0.1"
  resolved "https://registry.yarnpkg.com/brace-expansion/-/brace-expansion-2.0.1.tgz#1edc459e0f0c548486ecf9fc99f2221364b9a0ae"
  integrity sha512-XnAIvQ8eM+kC6aULx6wuQiwVsnzsi9d3WxzV3FpWTGA19F621kwdbsAcFKXgKUHZWsy+mY6iL1sHTxWEFCytDA==
  dependencies:
    balanced-match "^1.0.0"

browserslist@^4.21.5:
  version "4.21.5"
  resolved "https://registry.yarnpkg.com/browserslist/-/browserslist-4.21.5.tgz#75c5dae60063ee641f977e00edd3cfb2fb7af6a7"
  integrity sha512-tUkiguQGW7S3IhB7N+c2MV/HZPSCPAAiYBZXLsBhFB/PCy6ZKKsZrmBayHV9fdGV/ARIfJ14NkxKzRDjvp7L6w==
  dependencies:
    caniuse-lite "^1.0.30001449"
    electron-to-chromium "^1.4.284"
    node-releases "^2.0.8"
    update-browserslist-db "^1.0.10"

caniuse-lite@^1.0.30001449:
  version "1.0.30001462"
  resolved "https://registry.yarnpkg.com/caniuse-lite/-/caniuse-lite-1.0.30001462.tgz#b2e801e37536d453731286857c8520d3dcee15fe"
  integrity sha512-PDd20WuOBPiasZ7KbFnmQRyuLE7cFXW2PVd7dmALzbkUXEP46upAuCDm9eY9vho8fgNMGmbAX92QBZHzcnWIqw==

caniuse-lite@^1.0.30001464:
  version "1.0.30001470"
  resolved "https://registry.yarnpkg.com/caniuse-lite/-/caniuse-lite-1.0.30001470.tgz#09c8e87c711f75ff5d39804db2613dd593feeb10"
  integrity sha512-065uNwY6QtHCBOExzbV6m236DDhYCCtPmQUCoQtwkVqzud8v5QPidoMr6CoMkC2nfp6nksjttqWQRRh75LqUmA==

css-blank-pseudo@^5.0.2:
  version "5.0.2"
  resolved "https://registry.yarnpkg.com/css-blank-pseudo/-/css-blank-pseudo-5.0.2.tgz#3df5cd950f64de960974da05e76954fd3d7442f9"
  integrity sha512-aCU4AZ7uEcVSUzagTlA9pHciz7aWPKA/YzrEkpdSopJ2pvhIxiQ5sYeMz1/KByxlIo4XBdvMNJAVKMg/GRnhfw==
  dependencies:
    postcss-selector-parser "^6.0.10"

css-has-pseudo@^5.0.2:
  version "5.0.2"
  resolved "https://registry.yarnpkg.com/css-has-pseudo/-/css-has-pseudo-5.0.2.tgz#8798118c705d858b7aeb9d839a39edd901c1cc83"
  integrity sha512-q+U+4QdwwB7T9VEW/LyO6CFrLAeLqOykC5mDqJXc7aKZAhDbq7BvGT13VGJe+IwBfdN2o3Xdw2kJ5IxwV1Sc9Q==
  dependencies:
    "@csstools/selector-specificity" "^2.0.1"
    postcss-selector-parser "^6.0.10"
    postcss-value-parser "^4.2.0"

css-prefers-color-scheme@^8.0.2:
  version "8.0.2"
  resolved "https://registry.yarnpkg.com/css-prefers-color-scheme/-/css-prefers-color-scheme-8.0.2.tgz#a0671f54eb19ed0d30b952574c0af11ec355fb6d"
  integrity sha512-OvFghizHJ45x7nsJJUSYLyQNTzsCU8yWjxAc/nhPQg1pbs18LMoET8N3kOweFDPy0JV0OSXN2iqRFhPBHYOeMA==

cssdb@^7.5.1:
  version "7.5.1"
  resolved "https://registry.yarnpkg.com/cssdb/-/cssdb-7.5.1.tgz#1cd18e13994adf07cb30f4dc21d93b0cff212519"
  integrity sha512-YdmjGmoS9TT5wgoKjySaBqgbPYtyxbbegeK8WNqWbZRa7SJcX9V0qGfDjbI8oPQwmh/zuA6ZSnQBCKLj9bZufw==

cssesc@^3.0.0:
  version "3.0.0"
  resolved "https://registry.yarnpkg.com/cssesc/-/cssesc-3.0.0.tgz#37741919903b868565e1c09ea747445cd18983ee"
  integrity sha512-/Tb/JcjK111nNScGob5MNtsntNM1aCNUDipB/TkwZFhyDrrE47SOx/18wF2bbjgc3ZzCSKW1T5nt5EbFoAz/Vg==

electron-to-chromium@^1.4.284:
  version "1.4.322"
  resolved "https://registry.yarnpkg.com/electron-to-chromium/-/electron-to-chromium-1.4.322.tgz#e0afa1d115b66c1d47869db40d8f2f3729cecc16"
  integrity sha512-KovjizNC9XB7dno/2GjxX8VS0SlfPpCjtyoKft+bCO+UfD8bFy16hY4Sh9s0h9BDxbRH2U0zX5VBjpM1LTcNlg==

esbuild@^0.17.15:
  version "0.17.15"
  resolved "https://registry.yarnpkg.com/esbuild/-/esbuild-0.17.15.tgz#209ebc87cb671ffb79574db93494b10ffaf43cbc"
  integrity sha512-LBUV2VsUIc/iD9ME75qhT4aJj0r75abCVS0jakhFzOtR7TQsqQA5w0tZ+KTKnwl3kXE0MhskNdHDh/I5aCR1Zw==
  optionalDependencies:
    "@esbuild/android-arm" "0.17.15"
    "@esbuild/android-arm64" "0.17.15"
    "@esbuild/android-x64" "0.17.15"
    "@esbuild/darwin-arm64" "0.17.15"
    "@esbuild/darwin-x64" "0.17.15"
    "@esbuild/freebsd-arm64" "0.17.15"
    "@esbuild/freebsd-x64" "0.17.15"
    "@esbuild/linux-arm" "0.17.15"
    "@esbuild/linux-arm64" "0.17.15"
    "@esbuild/linux-ia32" "0.17.15"
    "@esbuild/linux-loong64" "0.17.15"
    "@esbuild/linux-mips64el" "0.17.15"
    "@esbuild/linux-ppc64" "0.17.15"
    "@esbuild/linux-riscv64" "0.17.15"
    "@esbuild/linux-s390x" "0.17.15"
    "@esbuild/linux-x64" "0.17.15"
    "@esbuild/netbsd-x64" "0.17.15"
    "@esbuild/openbsd-x64" "0.17.15"
    "@esbuild/sunos-x64" "0.17.15"
    "@esbuild/win32-arm64" "0.17.15"
    "@esbuild/win32-ia32" "0.17.15"
    "@esbuild/win32-x64" "0.17.15"

escalade@^3.1.1:
  version "3.1.1"
  resolved "https://registry.yarnpkg.com/escalade/-/escalade-3.1.1.tgz#d8cfdc7000965c5a0174b4a82eaa5c0552742e40"
  integrity sha512-k0er2gUkLf8O0zKJiAhmkTnJlTvINGv7ygDNPbeIsX/TJjGJZHuh9B2UxbsaEkmlEo9MfhrSzmhIlhRlI2GXnw==

fraction.js@^4.2.0:
  version "4.2.0"
  resolved "https://registry.yarnpkg.com/fraction.js/-/fraction.js-4.2.0.tgz#448e5109a313a3527f5a3ab2119ec4cf0e0e2950"
  integrity sha512-MhLuK+2gUcnZe8ZHlaaINnQLl0xRIGRfcGk2yl8xoQAfHrSsL3rYu6FCmBdkdbhc9EPlwyGHewaRsvwRMJtAlA==

fs.realpath@^1.0.0:
  version "1.0.0"
  resolved "https://registry.yarnpkg.com/fs.realpath/-/fs.realpath-1.0.0.tgz#1504ad2523158caa40db4a2787cb01411994ea4f"
  integrity sha512-OO0pH2lK6a0hZnAdau5ItzHPI6pUlvI7jMVnxUQRtw4owF2wk8lOSabtGDCTP4Ggrg2MbGnWO9X8K1t4+fGMDw==

function-bind@^1.1.1:
  version "1.1.1"
  resolved "https://registry.yarnpkg.com/function-bind/-/function-bind-1.1.1.tgz#a56899d3ea3c9bab874bb9773b7c5ede92f4895d"
  integrity sha512-yIovAzMX49sF8Yl58fSCWJ5svSLuaibPxXQJFLmBObTuCr0Mf1KiPopGM9NiFjiYBCbfaa2Fh6breQ6ANVTI0A==

glob@^8.0.1:
  version "8.0.3"
  resolved "https://registry.yarnpkg.com/glob/-/glob-8.0.3.tgz#415c6eb2deed9e502c68fa44a272e6da6eeca42e"
  integrity sha512-ull455NHSHI/Y1FqGaaYFaLGkNMMJbavMrEGFXG/PGrg6y7sutWHUHrz6gy6WEBH6akM1M414dWKCNs+IhKdiQ==
  dependencies:
    fs.realpath "^1.0.0"
    inflight "^1.0.4"
    inherits "2"
    minimatch "^5.0.1"
    once "^1.3.0"

has@^1.0.3:
  version "1.0.3"
  resolved "https://registry.yarnpkg.com/has/-/has-1.0.3.tgz#722d7cbfc1f6aa8241f16dd814e011e1f41e8796"
  integrity sha512-f2dvO0VU6Oej7RkWJGrehjbzMAjFp5/VKPp5tTpWIV4JHHZK1/BxbFRtf/siA2SWTe09caDmVtYYzWEIbBS4zw==
  dependencies:
    function-bind "^1.1.1"

inflight@^1.0.4:
  version "1.0.6"
  resolved "https://registry.yarnpkg.com/inflight/-/inflight-1.0.6.tgz#49bd6331d7d02d0c09bc910a1075ba8165b56df9"
  integrity sha512-k92I/b08q4wvFscXCLvqfsHCrjrF7yiXsQuIVvVE7N82W3+aqpzuUdBbfhWcy/FZR3/4IgflMgKLOsvPDrGCJA==
  dependencies:
    once "^1.3.0"
    wrappy "1"

inherits@2:
  version "2.0.4"
  resolved "https://registry.yarnpkg.com/inherits/-/inherits-2.0.4.tgz#0fa2c64f932917c3433a0ded55363aae37416b7c"
  integrity sha512-k/vGaX4/Yla3WzyMCvTQOXYeIHvqOKtnqBduzTHpzpQZzAskKMhZ2K+EnBiSM9zGSoIFeMpXKxa4dYeZIQqewQ==

is-core-module@^2.9.0:
  version "2.9.0"
  resolved "https://registry.yarnpkg.com/is-core-module/-/is-core-module-2.9.0.tgz#e1c34429cd51c6dd9e09e0799e396e27b19a9c69"
  integrity sha512-+5FPy5PnwmO3lvfMb0AsoPaBG+5KHUI0wYFXOtYPnVVVspTFUuMZNfNaNVRt3FZadstu2c8x23vykRW/NBoU6A==
  dependencies:
    has "^1.0.3"

lilconfig@^2.0.5:
  version "2.0.6"
  resolved "https://registry.yarnpkg.com/lilconfig/-/lilconfig-2.0.6.tgz#32a384558bd58af3d4c6e077dd1ad1d397bc69d4"
  integrity sha512-9JROoBW7pobfsx+Sq2JsASvCo6Pfo6WWoUW79HuB1BCoBXD4PLWJPqDF6fNj67pqBYTbAHkE57M1kS/+L1neOg==

minimatch@^5.0.1:
  version "5.1.0"
  resolved "https://registry.yarnpkg.com/minimatch/-/minimatch-5.1.0.tgz#1717b464f4971b144f6aabe8f2d0b8e4511e09c7"
  integrity sha512-9TPBGGak4nHfGZsPBohm9AWg6NoT7QTCehS3BIJABslyZbzxfV78QM2Y6+i741OPZIafFAaiiEMh5OyIrJPgtg==
  dependencies:
    brace-expansion "^2.0.1"

nanoid@^3.3.4:
  version "3.3.4"
  resolved "https://registry.yarnpkg.com/nanoid/-/nanoid-3.3.4.tgz#730b67e3cd09e2deacf03c027c81c9d9dbc5e8ab"
  integrity sha512-MqBkQh/OHTS2egovRtLk45wEyNXwF+cokD+1YPf9u5VfJiRdAiRwB2froX5Co9Rh20xs4siNPm8naNotSD6RBw==

node-releases@^2.0.8:
  version "2.0.10"
  resolved "https://registry.yarnpkg.com/node-releases/-/node-releases-2.0.10.tgz#c311ebae3b6a148c89b1813fd7c4d3c024ef537f"
  integrity sha512-5GFldHPXVG/YZmFzJvKK2zDSzPKhEp0+ZR5SVaoSag9fsL5YgHbUHDfnG5494ISANDcK4KwPXAx2xqVEydmd7w==

normalize-range@^0.1.2:
  version "0.1.2"
  resolved "https://registry.yarnpkg.com/normalize-range/-/normalize-range-0.1.2.tgz#2d10c06bdfd312ea9777695a4d28439456b75942"
  integrity sha512-bdok/XvKII3nUpklnV6P2hxtMNrCboOjAcyBuQnWEhO665FwrSNRxU+AqpsyvO6LgGYPspN+lu5CLtw4jPRKNA==

once@^1.3.0:
  version "1.4.0"
  resolved "https://registry.yarnpkg.com/once/-/once-1.4.0.tgz#583b1aa775961d4b113ac17d9c50baef9dd76bd1"
  integrity sha512-lNaJgI+2Q5URQBkccEKHTQOPaXdUxnZZElQTZY0MFUAuaEqe1E+Nyvgdz/aIyNi6Z9MzO5dv1H8n58/GELp3+w==
  dependencies:
    wrappy "1"

path-parse@^1.0.7:
  version "1.0.7"
  resolved "https://registry.yarnpkg.com/path-parse/-/path-parse-1.0.7.tgz#fbc114b60ca42b30d9daf5858e4bd68bbedb6735"
  integrity sha512-LDJzPVEEEPR+y48z93A0Ed0yXb8pAByGWo/k5YYdYgpY2/2EsOsksJrq7lOHxryrVOn1ejG6oAp8ahvOIQD8sw==

picocolors@^1.0.0:
  version "1.0.0"
  resolved "https://registry.yarnpkg.com/picocolors/-/picocolors-1.0.0.tgz#cb5bdc74ff3f51892236eaf79d68bc44564ab81c"
  integrity sha512-1fygroTLlHu66zi26VoTDv8yRgm0Fccecssto+MhsZ0D/DGW2sm8E8AjW7NU5VVTRt5GxbeZ5qBuJr+HyLYkjQ==

pify@^2.3.0:
  version "2.3.0"
  resolved "https://registry.yarnpkg.com/pify/-/pify-2.3.0.tgz#ed141a6ac043a849ea588498e7dca8b15330e90c"
  integrity sha512-udgsAY+fTnvv7kI7aaxbqwWNb0AHiB0qBO89PZKPkoTmGOgdbrHDKD+0B2X4uTfJ/FT1R09r9gTsjUjNJotuog==

postcss-attribute-case-insensitive@^6.0.2:
  version "6.0.2"
  resolved "https://registry.yarnpkg.com/postcss-attribute-case-insensitive/-/postcss-attribute-case-insensitive-6.0.2.tgz#e843091859323342e461878d201ee70278809e01"
  integrity sha512-IRuCwwAAQbgaLhxQdQcIIK0dCVXg3XDUnzgKD8iwdiYdwU4rMWRWyl/W9/0nA4ihVpq5pyALiHB2veBJ0292pw==
  dependencies:
    postcss-selector-parser "^6.0.10"

postcss-clamp@^4.1.0:
  version "4.1.0"
  resolved "https://registry.yarnpkg.com/postcss-clamp/-/postcss-clamp-4.1.0.tgz#7263e95abadd8c2ba1bd911b0b5a5c9c93e02363"
  integrity sha512-ry4b1Llo/9zz+PKC+030KUnPITTJAHeOwjfAyyB60eT0AorGLdzp52s31OsPRHRf8NchkgFoG2y6fCfn1IV1Ow==
  dependencies:
    postcss-value-parser "^4.2.0"

postcss-color-functional-notation@^5.0.2:
  version "5.0.2"
  resolved "https://registry.yarnpkg.com/postcss-color-functional-notation/-/postcss-color-functional-notation-5.0.2.tgz#6d03c928aa3a13487703af86c301bdcd501e7430"
  integrity sha512-M6ygxWOyd6eWf3sd1Lv8xi4SeF4iBPfJvkfMU4ITh8ExJc1qhbvh/U8Cv/uOvBgUVOMDdScvCdlg8+hREQzs7w==
  dependencies:
    postcss-value-parser "^4.2.0"

postcss-color-hex-alpha@^9.0.2:
  version "9.0.2"
  resolved "https://registry.yarnpkg.com/postcss-color-hex-alpha/-/postcss-color-hex-alpha-9.0.2.tgz#6d3ed50342802469880981a1999515d003ff7d79"
  integrity sha512-SfPjgr//VQ/DOCf80STIAsdAs7sbIbxATvVmd+Ec7JvR8onz9pjawhq3BJM3Pie40EE3TyB0P6hft16D33Nlyg==
  dependencies:
    postcss-value-parser "^4.2.0"

postcss-color-rebeccapurple@^8.0.2:
  version "8.0.2"
  resolved "https://registry.yarnpkg.com/postcss-color-rebeccapurple/-/postcss-color-rebeccapurple-8.0.2.tgz#c0f2dcf1ef4dd393314920aa181cca8c390a2648"
  integrity sha512-xWf/JmAxVoB5bltHpXk+uGRoGFwu4WDAR7210el+iyvTdqiKpDhtcT8N3edXMoVJY0WHFMrKMUieql/wRNiXkw==
  dependencies:
    postcss-value-parser "^4.2.0"

postcss-custom-media@^9.1.2:
  version "9.1.2"
  resolved "https://registry.yarnpkg.com/postcss-custom-media/-/postcss-custom-media-9.1.2.tgz#0e9c34b0b5325edc2c5f42f47543cb64d777764b"
  integrity sha512-osM9g4UKq4XKimAC7RAXroqi3BXpxfwTswAJQiZdrBjWGFGEyxQrY5H2eDWI8F+MEvEUfYDxA8scqi3QWROCSw==
  dependencies:
    "@csstools/cascade-layer-name-parser" "^1.0.0"
    "@csstools/css-parser-algorithms" "^2.0.0"
    "@csstools/css-tokenizer" "^2.0.0"
    "@csstools/media-query-list-parser" "^2.0.0"

postcss-custom-properties@^13.1.4:
  version "13.1.4"
  resolved "https://registry.yarnpkg.com/postcss-custom-properties/-/postcss-custom-properties-13.1.4.tgz#590e5770137011001602806da51243b6c82c1cde"
  integrity sha512-iSAdaZrM3KMec8cOSzeTUNXPYDlhqsMJHpt62yrjwG6nAnMtRHPk5JdMzGosBJtqEahDolvD5LNbcq+EZ78o5g==
  dependencies:
    "@csstools/cascade-layer-name-parser" "^1.0.0"
    "@csstools/css-parser-algorithms" "^2.0.0"
    "@csstools/css-tokenizer" "^2.0.0"
    postcss-value-parser "^4.2.0"

postcss-custom-selectors@^7.1.2:
  version "7.1.2"
  resolved "https://registry.yarnpkg.com/postcss-custom-selectors/-/postcss-custom-selectors-7.1.2.tgz#e100e9dd628d969a651d7d310cdfd25b27b58d4b"
  integrity sha512-jX7VlE3jrgfBIOfxiGNRFq81xUoHSZhvxhQurzE7ZFRv+bUmMwB7/XnA0nNlts2CwNtbXm4Ozy0ZAYKHlCRmBQ==
  dependencies:
    "@csstools/cascade-layer-name-parser" "^1.0.0"
    "@csstools/css-parser-algorithms" "^2.0.0"
    "@csstools/css-tokenizer" "^2.0.0"
    postcss-selector-parser "^6.0.4"

postcss-dir-pseudo-class@^7.0.2:
  version "7.0.2"
  resolved "https://registry.yarnpkg.com/postcss-dir-pseudo-class/-/postcss-dir-pseudo-class-7.0.2.tgz#71618b7eb4abe067845d11b3c8f322760c9b3e88"
  integrity sha512-cMnslilYxBf9k3qejnovrUONZx1rXeUZJw06fgIUBzABJe3D2LiLL5WAER7Imt3nrkaIgG05XZBztueLEf5P8w==
  dependencies:
    postcss-selector-parser "^6.0.10"

postcss-double-position-gradients@^4.0.2:
  version "4.0.2"
  resolved "https://registry.yarnpkg.com/postcss-double-position-gradients/-/postcss-double-position-gradients-4.0.2.tgz#855a23201f26be447210504e9b668429cbf4640c"
  integrity sha512-GXL1RmFREDK4Q9aYvI2RhVrA6a6qqSMQQ5ke8gSH1xgV6exsqbcJpIumC7AOgooH6/WIG3/K/T8xxAiVHy/tJg==
  dependencies:
    "@csstools/postcss-progressive-custom-properties" "^2.0.0"
    postcss-value-parser "^4.2.0"

postcss-flexbugs-fixes@^5.0.2:
  version "5.0.2"
  resolved "https://registry.yarnpkg.com/postcss-flexbugs-fixes/-/postcss-flexbugs-fixes-5.0.2.tgz#2028e145313074fc9abe276cb7ca14e5401eb49d"
  integrity sha512-18f9voByak7bTktR2QgDveglpn9DTbBWPUzSOe9g0N4WR/2eSt6Vrcbf0hmspvMI6YWGywz6B9f7jzpFNJJgnQ==

postcss-focus-visible@^8.0.2:
  version "8.0.2"
  resolved "https://registry.yarnpkg.com/postcss-focus-visible/-/postcss-focus-visible-8.0.2.tgz#a7ac26ffe3e9c2bd17d7200d75e2d79ee8110891"
  integrity sha512-f/Vd+EC/GaKElknU59esVcRYr/Y3t1ZAQyL4u2xSOgkDy4bMCmG7VP5cGvj3+BTLNE9ETfEuz2nnt4qkZwTTeA==
  dependencies:
    postcss-selector-parser "^6.0.10"

postcss-focus-within@^7.0.2:
  version "7.0.2"
  resolved "https://registry.yarnpkg.com/postcss-focus-within/-/postcss-focus-within-7.0.2.tgz#5d2c866030e66ed22b204c9506de640943310b1c"
  integrity sha512-AHAJ89UQBcqBvFgQJE9XasGuwMNkKsGj4D/f9Uk60jFmEBHpAL14DrnSk3Rj+SwZTr/WUG+mh+Rvf8fid/346w==
  dependencies:
    postcss-selector-parser "^6.0.10"

postcss-font-variant@^5.0.0:
  version "5.0.0"
  resolved "https://registry.yarnpkg.com/postcss-font-variant/-/postcss-font-variant-5.0.0.tgz#efd59b4b7ea8bb06127f2d031bfbb7f24d32fa66"
  integrity sha512-1fmkBaCALD72CK2a9i468mA/+tr9/1cBxRRMXOUaZqO43oWPR5imcyPjXwuv7PXbCid4ndlP5zWhidQVVa3hmA==

postcss-gap-properties@^4.0.1:
  version "4.0.1"
  resolved "https://registry.yarnpkg.com/postcss-gap-properties/-/postcss-gap-properties-4.0.1.tgz#0347d6a84a46bfbe88bedc542cc4b354e04a8338"
  integrity sha512-V5OuQGw4lBumPlwHWk/PRfMKjaq/LTGR4WDTemIMCaMevArVfCCA9wBJiL1VjDAd+rzuCIlkRoRvDsSiAaZ4Fg==

postcss-image-set-function@^5.0.2:
  version "5.0.2"
  resolved "https://registry.yarnpkg.com/postcss-image-set-function/-/postcss-image-set-function-5.0.2.tgz#088e0f535f43e74d6ea8033ff7b0482e2735ea6e"
  integrity sha512-Sszjwo0ubETX0Fi5MvpYzsONwrsjeabjMoc5YqHvURFItXgIu3HdCjcVuVKGMPGzKRhgaknmdM5uVWInWPJmeg==
  dependencies:
    postcss-value-parser "^4.2.0"

postcss-import@^15.1.0:
  version "15.1.0"
  resolved "https://registry.yarnpkg.com/postcss-import/-/postcss-import-15.1.0.tgz#41c64ed8cc0e23735a9698b3249ffdbf704adc70"
  integrity sha512-hpr+J05B2FVYUAXHeK1YyI267J/dDDhMU6B6civm8hSY1jYJnBXxzKDKDswzJmtLHryrjhnDjqqp/49t8FALew==
  dependencies:
    postcss-value-parser "^4.0.0"
    read-cache "^1.0.0"
    resolve "^1.1.7"

postcss-initial@^4.0.1:
  version "4.0.1"
  resolved "https://registry.yarnpkg.com/postcss-initial/-/postcss-initial-4.0.1.tgz#529f735f72c5724a0fb30527df6fb7ac54d7de42"
  integrity sha512-0ueD7rPqX8Pn1xJIjay0AZeIuDoF+V+VvMt/uOnn+4ezUKhZM/NokDeP6DwMNyIoYByuN/94IQnt5FEkaN59xQ==

postcss-lab-function@^5.2.0:
  version "5.2.0"
  resolved "https://registry.yarnpkg.com/postcss-lab-function/-/postcss-lab-function-5.2.0.tgz#7504de96d5bd21177af241fe7601b5151f2df1a4"
  integrity sha512-ie/k0xFCib22LV56jZoygLuWfM4J4migb89QnEXOjORGh6UwsDVSPW/x+P2MYS+AKFfZ5Npcu5HYEzYcezAAag==
  dependencies:
    "@csstools/css-color-parser" "^1.0.0"
    "@csstools/css-parser-algorithms" "^2.0.1"
    "@csstools/css-tokenizer" "^2.1.0"
    "@csstools/postcss-progressive-custom-properties" "^2.0.0"

postcss-load-config@^3.1.4:
  version "3.1.4"
  resolved "https://registry.yarnpkg.com/postcss-load-config/-/postcss-load-config-3.1.4.tgz#1ab2571faf84bb078877e1d07905eabe9ebda855"
  integrity sha512-6DiM4E7v4coTE4uzA8U//WhtPwyhiim3eyjEMFCnUpzbrkK9wJHgKDT2mR+HbtSrd/NubVaYTOpSpjUl8NQeRg==
  dependencies:
    lilconfig "^2.0.5"
    yaml "^1.10.2"

postcss-logical@^6.1.0:
  version "6.1.0"
  resolved "https://registry.yarnpkg.com/postcss-logical/-/postcss-logical-6.1.0.tgz#c33ae75d3edaea7eb821e76dc4e6d0ecedc3200d"
  integrity sha512-qb1+LpClhYjxac8SfOcWotnY3unKZesDqIOm+jnGt8rTl7xaIWpE2bPGZHxflOip1E/4ETo79qlJyRL3yrHn1g==
  dependencies:
    postcss-value-parser "^4.2.0"

postcss-media-minmax@^5.0.0:
  version "5.0.0"
  resolved "https://registry.yarnpkg.com/postcss-media-minmax/-/postcss-media-minmax-5.0.0.tgz#7140bddec173e2d6d657edbd8554a55794e2a5b5"
  integrity sha512-yDUvFf9QdFZTuCUg0g0uNSHVlJ5X1lSzDZjPSFaiCWvjgsvu8vEVxtahPrLMinIDEEGnx6cBe6iqdx5YWz08wQ==

postcss-nesting@^11.2.1:
  version "11.2.2"
  resolved "https://registry.yarnpkg.com/postcss-nesting/-/postcss-nesting-11.2.2.tgz#ddedfea5a1fdcd8d753298d82297ad15d5640c0f"
  integrity sha512-aOTiUniAB1bcPE6GGiynWRa6PZFPhOTAm5q3q5cem6QeSijIHHkWr6gs65ukCZMXeak8yXeZVbBJET3VM+HlhA==
  dependencies:
    "@csstools/selector-specificity" "^2.0.0"
    postcss-selector-parser "^6.0.10"

postcss-opacity-percentage@^2.0.0:
  version "2.0.0"
  resolved "https://registry.yarnpkg.com/postcss-opacity-percentage/-/postcss-opacity-percentage-2.0.0.tgz#c0a56060cd4586e3f954dbde1efffc2deed53002"
  integrity sha512-lyDrCOtntq5Y1JZpBFzIWm2wG9kbEdujpNt4NLannF+J9c8CgFIzPa80YQfdza+Y+yFfzbYj/rfoOsYsooUWTQ==

postcss-overflow-shorthand@^4.0.1:
  version "4.0.1"
  resolved "https://registry.yarnpkg.com/postcss-overflow-shorthand/-/postcss-overflow-shorthand-4.0.1.tgz#cb61ca24d8c4e1dbf14d85181b017cfa6953aa34"
  integrity sha512-HQZ0qi/9iSYHW4w3ogNqVNr2J49DHJAl7r8O2p0Meip38jsdnRPgiDW7r/LlLrrMBMe3KHkvNtAV2UmRVxzLIg==
  dependencies:
    postcss-value-parser "^4.2.0"

postcss-page-break@^3.0.4:
  version "3.0.4"
  resolved "https://registry.yarnpkg.com/postcss-page-break/-/postcss-page-break-3.0.4.tgz#7fbf741c233621622b68d435babfb70dd8c1ee5f"
  integrity sha512-1JGu8oCjVXLa9q9rFTo4MbeeA5FMe00/9C7lN4va606Rdb+HkxXtXsmEDrIraQ11fGz/WvKWa8gMuCKkrXpTsQ==

postcss-place@^8.0.1:
  version "8.0.1"
  resolved "https://registry.yarnpkg.com/postcss-place/-/postcss-place-8.0.1.tgz#408d7a27e99192df51c95fe62a3a34def62aa66a"
  integrity sha512-Ow2LedN8sL4pq8ubukO77phSVt4QyCm35ZGCYXKvRFayAwcpgB0sjNJglDoTuRdUL32q/ZC1VkPBo0AOEr4Uiw==
  dependencies:
    postcss-value-parser "^4.2.0"

postcss-preset-env@^8.1.0:
  version "8.1.0"
  resolved "https://registry.yarnpkg.com/postcss-preset-env/-/postcss-preset-env-8.1.0.tgz#aadfaac88426d0a6b5970dc792c014b0d76c402f"
  integrity sha512-YIsPebk8tMZ9dOcKynyDue5zaod1oyXQ7WhbjmTufjNf9RyJlJx0A/4jYLVKxaHL8XgeygoUghg99+vwPX4SFA==
  dependencies:
    "@csstools/postcss-cascade-layers" "^3.0.1"
    "@csstools/postcss-color-function" "^2.1.0"
    "@csstools/postcss-color-mix-function" "^1.0.0"
    "@csstools/postcss-font-format-keywords" "^2.0.2"
    "@csstools/postcss-hwb-function" "^2.2.0"
    "@csstools/postcss-ic-unit" "^2.0.2"
    "@csstools/postcss-is-pseudo-class" "^3.1.1"
    "@csstools/postcss-logical-float-and-clear" "^1.0.1"
    "@csstools/postcss-logical-resize" "^1.0.1"
    "@csstools/postcss-logical-viewport-units" "^1.0.2"
    "@csstools/postcss-media-queries-aspect-ratio-number-values" "^1.0.1"
    "@csstools/postcss-nested-calc" "^2.0.2"
    "@csstools/postcss-normalize-display-values" "^2.0.1"
    "@csstools/postcss-oklab-function" "^2.2.0"
    "@csstools/postcss-progressive-custom-properties" "^2.1.0"
    "@csstools/postcss-scope-pseudo-class" "^2.0.2"
    "@csstools/postcss-stepped-value-functions" "^2.1.0"
    "@csstools/postcss-text-decoration-shorthand" "^2.2.1"
    "@csstools/postcss-trigonometric-functions" "^2.1.0"
    "@csstools/postcss-unset-value" "^2.0.1"
    autoprefixer "^10.4.14"
    browserslist "^4.21.5"
    css-blank-pseudo "^5.0.2"
    css-has-pseudo "^5.0.2"
    css-prefers-color-scheme "^8.0.2"
    cssdb "^7.5.1"
    postcss-attribute-case-insensitive "^6.0.2"
    postcss-clamp "^4.1.0"
    postcss-color-functional-notation "^5.0.2"
    postcss-color-hex-alpha "^9.0.2"
    postcss-color-rebeccapurple "^8.0.2"
    postcss-custom-media "^9.1.2"
    postcss-custom-properties "^13.1.4"
    postcss-custom-selectors "^7.1.2"
    postcss-dir-pseudo-class "^7.0.2"
    postcss-double-position-gradients "^4.0.2"
    postcss-focus-visible "^8.0.2"
    postcss-focus-within "^7.0.2"
    postcss-font-variant "^5.0.0"
    postcss-gap-properties "^4.0.1"
    postcss-image-set-function "^5.0.2"
    postcss-initial "^4.0.1"
    postcss-lab-function "^5.2.0"
    postcss-logical "^6.1.0"
    postcss-media-minmax "^5.0.0"
    postcss-nesting "^11.2.1"
    postcss-opacity-percentage "^2.0.0"
    postcss-overflow-shorthand "^4.0.1"
    postcss-page-break "^3.0.4"
    postcss-place "^8.0.1"
    postcss-pseudo-class-any-link "^8.0.2"
    postcss-replace-overflow-wrap "^4.0.0"
    postcss-selector-not "^7.0.1"
    postcss-value-parser "^4.2.0"

postcss-pseudo-class-any-link@^8.0.2:
  version "8.0.2"
  resolved "https://registry.yarnpkg.com/postcss-pseudo-class-any-link/-/postcss-pseudo-class-any-link-8.0.2.tgz#f5738503f2045de0c4dc216eca99bd835f74e42e"
  integrity sha512-FYTIuRE07jZ2CW8POvctRgArQJ43yxhr5vLmImdKUvjFCkR09kh8pIdlCwdx/jbFm7MiW4QP58L4oOUv3grQYA==
  dependencies:
    postcss-selector-parser "^6.0.10"

postcss-replace-overflow-wrap@^4.0.0:
  version "4.0.0"
  resolved "https://registry.yarnpkg.com/postcss-replace-overflow-wrap/-/postcss-replace-overflow-wrap-4.0.0.tgz#d2df6bed10b477bf9c52fab28c568b4b29ca4319"
  integrity sha512-KmF7SBPphT4gPPcKZc7aDkweHiKEEO8cla/GjcBK+ckKxiZslIu3C4GCRW3DNfL0o7yW7kMQu9xlZ1kXRXLXtw==

postcss-selector-not@^7.0.1:
  version "7.0.1"
  resolved "https://registry.yarnpkg.com/postcss-selector-not/-/postcss-selector-not-7.0.1.tgz#8142e90c8eb6c8c5faecb3e9d96d4353d02e94fb"
  integrity sha512-1zT5C27b/zeJhchN7fP0kBr16Cc61mu7Si9uWWLoA3Px/D9tIJPKchJCkUH3tPO5D0pCFmGeApAv8XpXBQJ8SQ==
  dependencies:
    postcss-selector-parser "^6.0.10"

postcss-selector-parser@^6.0.10, postcss-selector-parser@^6.0.4:
  version "6.0.10"
  resolved "https://registry.yarnpkg.com/postcss-selector-parser/-/postcss-selector-parser-6.0.10.tgz#79b61e2c0d1bfc2602d549e11d0876256f8df88d"
  integrity sha512-IQ7TZdoaqbT+LCpShg46jnZVlhWD2w6iQYAcYXfHARZ7X1t/UGhhceQDs5X0cGqKvYlHNOuv7Oa1xmb0oQuA3w==
  dependencies:
    cssesc "^3.0.0"
    util-deprecate "^1.0.2"

postcss-value-parser@^4.0.0, postcss-value-parser@^4.2.0:
  version "4.2.0"
  resolved "https://registry.yarnpkg.com/postcss-value-parser/-/postcss-value-parser-4.2.0.tgz#723c09920836ba6d3e5af019f92bc0971c02e514"
  integrity sha512-1NNCs6uurfkVbeXG4S8JFT9t19m45ICnif8zWLd5oPSZ50QnwMfK+H3jv408d4jw/7Bttv5axS5IiHoLaVNHeQ==

postcss@^8.4.21:
  version "8.4.21"
  resolved "https://registry.yarnpkg.com/postcss/-/postcss-8.4.21.tgz#c639b719a57efc3187b13a1d765675485f4134f4"
  integrity sha512-tP7u/Sn/dVxK2NnruI4H9BG+x+Wxz6oeZ1cJ8P6G/PZY0IKk4k/63TDsQf2kQq3+qoJeLm2kIBUNlZe3zgb4Zg==
  dependencies:
    nanoid "^3.3.4"
    picocolors "^1.0.0"
    source-map-js "^1.0.2"

read-cache@^1.0.0:
  version "1.0.0"
  resolved "https://registry.yarnpkg.com/read-cache/-/read-cache-1.0.0.tgz#e664ef31161166c9751cdbe8dbcf86b5fb58f774"
  integrity sha512-Owdv/Ft7IjOgm/i0xvNDZ1LrRANRfew4b2prF3OWMQLxLfu3bS8FVhCsrSCMK4lR56Y9ya+AThoTpDCTxCmpRA==
  dependencies:
    pify "^2.3.0"

resolve@^1.1.7:
  version "1.22.1"
  resolved "https://registry.yarnpkg.com/resolve/-/resolve-1.22.1.tgz#27cb2ebb53f91abb49470a928bba7558066ac177"
  integrity sha512-nBpuuYuY5jFsli/JIs1oldw6fOQCBioohqWZg/2hiaOybXOft4lonv85uDOKXdf8rhyK159cxU5cDcK/NKk8zw==
  dependencies:
    is-core-module "^2.9.0"
    path-parse "^1.0.7"
    supports-preserve-symlinks-flag "^1.0.0"

source-map-js@^1.0.2:
  version "1.0.2"
  resolved "https://registry.yarnpkg.com/source-map-js/-/source-map-js-1.0.2.tgz#adbc361d9c62df380125e7f161f71c826f1e490c"
  integrity sha512-R0XvVJ9WusLiqTCEiGCmICCMplcCkIwwR11mOSD9CR5u+IXYdiseeEuXCVAjS54zqwkLcPNnmU4OeJ6tUrWhDw==

supports-preserve-symlinks-flag@^1.0.0:
  version "1.0.0"
  resolved "https://registry.yarnpkg.com/supports-preserve-symlinks-flag/-/supports-preserve-symlinks-flag-1.0.0.tgz#6eda4bd344a3c94aea376d4cc31bc77311039e09"
  integrity sha512-ot0WnXS9fgdkgIcePe6RHNk1WA8+muPa6cSjeR3V8K27q9BB1rTE3R1p7Hv0z1ZyAc8s6Vvv8DIyWf681MAt0w==

update-browserslist-db@^1.0.10:
  version "1.0.10"
  resolved "https://registry.yarnpkg.com/update-browserslist-db/-/update-browserslist-db-1.0.10.tgz#0f54b876545726f17d00cd9a2561e6dade943ff3"
  integrity sha512-OztqDenkfFkbSG+tRxBeAnCVPckDBcvibKd35yDONx6OU8N7sqgwc7rCbkJ/WcYtVRZ4ba68d6byhC21GFh7sQ==
  dependencies:
    escalade "^3.1.1"
    picocolors "^1.0.0"

util-deprecate@^1.0.2:
  version "1.0.2"
  resolved "https://registry.yarnpkg.com/util-deprecate/-/util-deprecate-1.0.2.tgz#450d4dc9fa70de732762fbd2d4a28981419a0ccf"
  integrity sha512-EPD5q1uXyFxJpCrLnCc1nHnq3gOa6DZBocAIiI2TaSCA7VCJ1UJDMagCzIkXNsUYfD1daK//LTEQ8xiIbrHtcw==

wrappy@1:
  version "1.0.2"
  resolved "https://registry.yarnpkg.com/wrappy/-/wrappy-1.0.2.tgz#b5243d8f3ec1aa35f1364605bc0d1036e30ab69f"
  integrity sha512-l4Sp/DRseor9wL6EvV2+TuQn63dMkPjZ/sp9XkghTEbV9KlPS1xUsZ3u7/IQO4wxtcFB4bgpQPRcR3QCvezPcQ==

yaml@^1.10.2:
  version "1.10.2"
  resolved "https://registry.yarnpkg.com/yaml/-/yaml-1.10.2.tgz#2301c5ffbf12b467de8da2333a459e29e7920e4b"
  integrity sha512-r3vXyErRCYJ7wg28yvBY5VSoAF8ZvlcW9/BwUzEtUsjvX/DKs24dIkuwjtuprwJJHsbyUbLApepYTR1BN4uHrg==
