# THIS IS AN AUTOGENERATED FILE. DO NOT EDIT THIS FILE DIRECTLY.
# yarn lockfile v1


"@csstools/cascade-layer-name-parser@^1.0.4":
  version "1.0.4"
  resolved "https://registry.yarnpkg.com/@csstools/cascade-layer-name-parser/-/cascade-layer-name-parser-1.0.4.tgz#3ff490b84660dc0592b4315029f22908f3de0577"

"@csstools/cascade-layer-name-parser@^1.0.5":
  version "1.0.5"
  resolved "https://registry.yarnpkg.com/@csstools/cascade-layer-name-parser/-/cascade-layer-name-parser-1.0.5.tgz#c4d276e32787651df0007af22c9fa70d9c9ca3c2"

"@csstools/color-helpers@^3.0.2":
  version "3.0.2"
  resolved "https://registry.yarnpkg.com/@csstools/color-helpers/-/color-helpers-3.0.2.tgz#6571d289af8bfcc3a8d75357b35e6d17a8ba6848"

"@csstools/css-calc@^1.1.3":
  version "1.1.3"
  resolved "https://registry.yarnpkg.com/@csstools/css-calc/-/css-calc-1.1.3.tgz#75e07eec075f1f3df0ce25575dab3d63da2bd680"

"@csstools/css-calc@^1.1.4":
  version "1.1.4"
  resolved "https://registry.yarnpkg.com/@csstools/css-calc/-/css-calc-1.1.4.tgz#70bf4c5b379cdc256d3936bf4a21e3a3454a3d68"

"@csstools/css-color-parser@^1.3.1":
  version "1.3.1"
  resolved "https://registry.yarnpkg.com/@csstools/css-color-parser/-/css-color-parser-1.3.1.tgz#ab37d833e65595c8dae05c6ec44aeb87f210b76b"
  dependencies:
    "@csstools/color-helpers" "^3.0.2"
    "@csstools/css-calc" "^1.1.3"

"@csstools/css-color-parser@^1.3.2":
  version "1.3.2"
  resolved "https://registry.yarnpkg.com/@csstools/css-color-parser/-/css-color-parser-1.3.2.tgz#ec6ac35e24a34e1f37eb3d366a2ea637bcc7c7e5"
  dependencies:
    "@csstools/color-helpers" "^3.0.2"
    "@csstools/css-calc" "^1.1.4"

"@csstools/css-parser-algorithms@^2.3.1":
  version "2.3.1"
  resolved "https://registry.yarnpkg.com/@csstools/css-parser-algorithms/-/css-parser-algorithms-2.3.1.tgz#ec4fc764ba45d2bb7ee2774667e056aa95003f3a"

"@csstools/css-parser-algorithms@^2.3.2":
  version "2.3.2"
  resolved "https://registry.yarnpkg.com/@csstools/css-parser-algorithms/-/css-parser-algorithms-2.3.2.tgz#1e0d581dbf4518cb3e939c3b863cb7180c8cedad"

"@csstools/css-tokenizer@^2.2.0":
  version "2.2.0"
  resolved "https://registry.yarnpkg.com/@csstools/css-tokenizer/-/css-tokenizer-2.2.0.tgz#9d70e6dcbe94e44c7400a2929928db35c4de32b5"

"@csstools/css-tokenizer@^2.2.1":
  version "2.2.1"
  resolved "https://registry.yarnpkg.com/@csstools/css-tokenizer/-/css-tokenizer-2.2.1.tgz#9dc431c9a5f61087af626e41ac2a79cce7bb253d"

"@csstools/media-query-list-parser@^2.1.4":
  version "2.1.4"
  resolved "https://registry.yarnpkg.com/@csstools/media-query-list-parser/-/media-query-list-parser-2.1.4.tgz#0017f99945f6c16dd81a7aacf6821770933c3a5c"

"@csstools/postcss-cascade-layers@^4.0.0":
  version "4.0.0"
  resolved "https://registry.yarnpkg.com/@csstools/postcss-cascade-layers/-/postcss-cascade-layers-4.0.0.tgz#21f8556de640f9f9ccfb950c49a886280fe5497e"
  dependencies:
    "@csstools/selector-specificity" "^3.0.0"
    postcss-selector-parser "^6.0.13"

"@csstools/postcss-color-function@^3.0.4":
  version "3.0.5"
  resolved "https://registry.yarnpkg.com/@csstools/postcss-color-function/-/postcss-color-function-3.0.5.tgz#4f50b7e71869fcd4499d4235e23127b579da73b1"
  dependencies:
    "@csstools/css-color-parser" "^1.3.2"
    "@csstools/css-parser-algorithms" "^2.3.2"
    "@csstools/css-tokenizer" "^2.2.1"
    "@csstools/postcss-progressive-custom-properties" "^3.0.1"

"@csstools/postcss-color-mix-function@^2.0.4":
  version "2.0.5"
  resolved "https://registry.yarnpkg.com/@csstools/postcss-color-mix-function/-/postcss-color-mix-function-2.0.5.tgz#589fea3346fc985cdfa49a1fdc12c28125def985"
  dependencies:
    "@csstools/css-color-parser" "^1.3.2"
    "@csstools/css-parser-algorithms" "^2.3.2"
    "@csstools/css-tokenizer" "^2.2.1"
    "@csstools/postcss-progressive-custom-properties" "^3.0.1"

"@csstools/postcss-exponential-functions@^1.0.0":
  version "1.0.0"
  resolved "https://registry.yarnpkg.com/@csstools/postcss-exponential-functions/-/postcss-exponential-functions-1.0.0.tgz#2e558ad2856e0c737d9cb98a5d91cfe8d785c9f6"
  dependencies:
    "@csstools/css-calc" "^1.1.3"
    "@csstools/css-parser-algorithms" "^2.3.1"
    "@csstools/css-tokenizer" "^2.2.0"

"@csstools/postcss-font-format-keywords@^3.0.0":
  version "3.0.0"
  resolved "https://registry.yarnpkg.com/@csstools/postcss-font-format-keywords/-/postcss-font-format-keywords-3.0.0.tgz#9ca3a3ca67122862addf8a1c0c61a6db02dea1cc"
  dependencies:
    postcss-value-parser "^4.2.0"

"@csstools/postcss-gradients-interpolation-method@^4.0.4":
  version "4.0.5"
  resolved "https://registry.yarnpkg.com/@csstools/postcss-gradients-interpolation-method/-/postcss-gradients-interpolation-method-4.0.5.tgz#aeb9cb87df28247aeda706ac7d650335e24294b2"
  dependencies:
    "@csstools/css-color-parser" "^1.3.2"
    "@csstools/css-parser-algorithms" "^2.3.2"
    "@csstools/css-tokenizer" "^2.2.1"
    "@csstools/postcss-progressive-custom-properties" "^3.0.1"

"@csstools/postcss-hwb-function@^3.0.3":
  version "3.0.3"
  resolved "https://registry.yarnpkg.com/@csstools/postcss-hwb-function/-/postcss-hwb-function-3.0.3.tgz#adbd5f8094cbe476ada2990ce7e4ad3e0fc0a303"
  dependencies:
    "@csstools/css-color-parser" "^1.3.1"
    "@csstools/css-parser-algorithms" "^2.3.1"
    "@csstools/css-tokenizer" "^2.2.0"

"@csstools/postcss-ic-unit@^3.0.1":
  version "3.0.1"
  resolved "https://registry.yarnpkg.com/@csstools/postcss-ic-unit/-/postcss-ic-unit-3.0.1.tgz#9d4964fe9da11f51463e0a141b3184ee3a23acb8"
  dependencies:
    "@csstools/postcss-progressive-custom-properties" "^3.0.1"
    postcss-value-parser "^4.2.0"

"@csstools/postcss-initial@^1.0.0":
  version "1.0.0"
  resolved "https://registry.yarnpkg.com/@csstools/postcss-initial/-/postcss-initial-1.0.0.tgz#e35ec12143a654b384fb81623970deeacedb0769"

"@csstools/postcss-is-pseudo-class@^4.0.2":
  version "4.0.2"
  resolved "https://registry.yarnpkg.com/@csstools/postcss-is-pseudo-class/-/postcss-is-pseudo-class-4.0.2.tgz#c896e25baf0a5249eb5c5e8cce78dfc0cc11380e"
  dependencies:
    "@csstools/selector-specificity" "^3.0.0"
    postcss-selector-parser "^6.0.13"

"@csstools/postcss-logical-float-and-clear@^2.0.0":
  version "2.0.0"
  resolved "https://registry.yarnpkg.com/@csstools/postcss-logical-float-and-clear/-/postcss-logical-float-and-clear-2.0.0.tgz#15e1b5d16dce01ad1e676167d0909e3958234eb5"

"@csstools/postcss-logical-resize@^2.0.0":
  version "2.0.0"
  resolved "https://registry.yarnpkg.com/@csstools/postcss-logical-resize/-/postcss-logical-resize-2.0.0.tgz#751bd5aab335c9973e346e3edacb2a0a16fa8296"
  dependencies:
    postcss-value-parser "^4.2.0"

"@csstools/postcss-logical-viewport-units@^2.0.2":
  version "2.0.3"
  resolved "https://registry.yarnpkg.com/@csstools/postcss-logical-viewport-units/-/postcss-logical-viewport-units-2.0.3.tgz#95e7195660bb8b05cd46f13d0495fe427e2db988"
  dependencies:
    "@csstools/css-tokenizer" "^2.2.1"

"@csstools/postcss-media-minmax@^1.0.7":
  version "1.0.7"
  resolved "https://registry.yarnpkg.com/@csstools/postcss-media-minmax/-/postcss-media-minmax-1.0.7.tgz#6701cf1141d28b5240de9bfae083c8a0af0daa00"
  dependencies:
    "@csstools/css-calc" "^1.1.3"
    "@csstools/css-parser-algorithms" "^2.3.1"
    "@csstools/css-tokenizer" "^2.2.0"
    "@csstools/media-query-list-parser" "^2.1.4"

"@csstools/postcss-media-queries-aspect-ratio-number-values@^2.0.2":
  version "2.0.2"
  resolved "https://registry.yarnpkg.com/@csstools/postcss-media-queries-aspect-ratio-number-values/-/postcss-media-queries-aspect-ratio-number-values-2.0.2.tgz#8cb8865ad6311756b5de5179fb65b9c008406b69"
  dependencies:
    "@csstools/css-parser-algorithms" "^2.3.1"
    "@csstools/css-tokenizer" "^2.2.0"
    "@csstools/media-query-list-parser" "^2.1.4"

"@csstools/postcss-nested-calc@^3.0.0":
  version "3.0.0"
  resolved "https://registry.yarnpkg.com/@csstools/postcss-nested-calc/-/postcss-nested-calc-3.0.0.tgz#b9069f5e1c2ea08de3840a5922e39af4e0ecf4b1"
  dependencies:
    postcss-value-parser "^4.2.0"

"@csstools/postcss-normalize-display-values@^3.0.1":
  version "3.0.1"
  resolved "https://registry.yarnpkg.com/@csstools/postcss-normalize-display-values/-/postcss-normalize-display-values-3.0.1.tgz#8bacd4fa20434de67a7b1f4f64f6e4476922a98d"
  dependencies:
    postcss-value-parser "^4.2.0"

"@csstools/postcss-oklab-function@^3.0.4":
  version "3.0.5"
  resolved "https://registry.yarnpkg.com/@csstools/postcss-oklab-function/-/postcss-oklab-function-3.0.5.tgz#8a299198a2c3b6698677b1b9b19cde4f85b95e0e"
  dependencies:
    "@csstools/css-color-parser" "^1.3.2"
    "@csstools/css-parser-algorithms" "^2.3.2"
    "@csstools/css-tokenizer" "^2.2.1"
    "@csstools/postcss-progressive-custom-properties" "^3.0.1"

"@csstools/postcss-progressive-custom-properties@^3.0.1":
  version "3.0.1"
  resolved "https://registry.yarnpkg.com/@csstools/postcss-progressive-custom-properties/-/postcss-progressive-custom-properties-3.0.1.tgz#15251d880d60850df42deeb7702aab6c50ab74e7"
  dependencies:
    postcss-value-parser "^4.2.0"

"@csstools/postcss-relative-color-syntax@^2.0.4":
  version "2.0.5"
  resolved "https://registry.yarnpkg.com/@csstools/postcss-relative-color-syntax/-/postcss-relative-color-syntax-2.0.5.tgz#6ab9f87e6a748ac66e7e6adea179486222c685d5"
  dependencies:
    "@csstools/css-color-parser" "^1.3.2"
    "@csstools/css-parser-algorithms" "^2.3.2"
    "@csstools/css-tokenizer" "^2.2.1"
    "@csstools/postcss-progressive-custom-properties" "^3.0.1"

"@csstools/postcss-scope-pseudo-class@^3.0.0":
  version "3.0.0"
  resolved "https://registry.yarnpkg.com/@csstools/postcss-scope-pseudo-class/-/postcss-scope-pseudo-class-3.0.0.tgz#23f32181b7de9a33e7c7c71f7620b78284955b82"
  dependencies:
    postcss-selector-parser "^6.0.13"

"@csstools/postcss-stepped-value-functions@^3.0.1":
  version "3.0.1"
  resolved "https://registry.yarnpkg.com/@csstools/postcss-stepped-value-functions/-/postcss-stepped-value-functions-3.0.1.tgz#c337a8ae09bec13cdf6c95f63a58b407f6965557"
  dependencies:
    "@csstools/css-calc" "^1.1.3"
    "@csstools/css-parser-algorithms" "^2.3.1"
    "@csstools/css-tokenizer" "^2.2.0"

"@csstools/postcss-text-decoration-shorthand@^3.0.3":
  version "3.0.3"
  resolved "https://registry.yarnpkg.com/@csstools/postcss-text-decoration-shorthand/-/postcss-text-decoration-shorthand-3.0.3.tgz#e0708cf41f94013837edca1c6db23d5d6dd3c10e"
  dependencies:
    "@csstools/color-helpers" "^3.0.2"
    postcss-value-parser "^4.2.0"

"@csstools/postcss-trigonometric-functions@^3.0.1":
  version "3.0.1"
  resolved "https://registry.yarnpkg.com/@csstools/postcss-trigonometric-functions/-/postcss-trigonometric-functions-3.0.1.tgz#06148aa8624b69a6573adb40ed27d3d019875caa"
  dependencies:
    "@csstools/css-calc" "^1.1.3"
    "@csstools/css-parser-algorithms" "^2.3.1"
    "@csstools/css-tokenizer" "^2.2.0"

"@csstools/postcss-unset-value@^3.0.0":
  version "3.0.0"
  resolved "https://registry.yarnpkg.com/@csstools/postcss-unset-value/-/postcss-unset-value-3.0.0.tgz#6d2f08140b41d3e70d805ccd2baaf64a6f59fdac"

"@csstools/selector-specificity@^3.0.0":
  version "3.0.0"
  resolved "https://registry.yarnpkg.com/@csstools/selector-specificity/-/selector-specificity-3.0.0.tgz#798622546b63847e82389e473fd67f2707d82247"

"@esbuild/android-arm64@0.19.4":
  version "0.19.4"
  resolved "https://registry.yarnpkg.com/@esbuild/android-arm64/-/android-arm64-0.19.4.tgz#74752a09301b8c6b9a415fbda9fb71406a62a7b7"

"@esbuild/android-arm@0.19.4":
  version "0.19.4"
  resolved "https://registry.yarnpkg.com/@esbuild/android-arm/-/android-arm-0.19.4.tgz#c27363e1e280e577d9b5c8fa7c7a3be2a8d79bf5"

"@esbuild/android-x64@0.19.4":
  version "0.19.4"
  resolved "https://registry.yarnpkg.com/@esbuild/android-x64/-/android-x64-0.19.4.tgz#6c9ee03d1488973d928618100048b75b147e0426"

"@esbuild/darwin-arm64@0.19.4":
  version "0.19.4"
  resolved "https://registry.yarnpkg.com/@esbuild/darwin-arm64/-/darwin-arm64-0.19.4.tgz#64e2ee945e5932cd49812caa80e8896e937e2f8b"

"@esbuild/darwin-x64@0.19.4":
  version "0.19.4"
  resolved "https://registry.yarnpkg.com/@esbuild/darwin-x64/-/darwin-x64-0.19.4.tgz#d8e26e1b965df284692e4d1263ba69a49b39ac7a"

"@esbuild/freebsd-arm64@0.19.4":
  version "0.19.4"
  resolved "https://registry.yarnpkg.com/@esbuild/freebsd-arm64/-/freebsd-arm64-0.19.4.tgz#29751a41b242e0a456d89713b228f1da4f45582f"

"@esbuild/freebsd-x64@0.19.4":
  version "0.19.4"
  resolved "https://registry.yarnpkg.com/@esbuild/freebsd-x64/-/freebsd-x64-0.19.4.tgz#873edc0f73e83a82432460ea59bf568c1e90b268"

"@esbuild/linux-arm64@0.19.4":
  version "0.19.4"
  resolved "https://registry.yarnpkg.com/@esbuild/linux-arm64/-/linux-arm64-0.19.4.tgz#659f2fa988d448dbf5010b5cc583be757cc1b914"

"@esbuild/linux-arm@0.19.4":
  version "0.19.4"
  resolved "https://registry.yarnpkg.com/@esbuild/linux-arm/-/linux-arm-0.19.4.tgz#d5b13a7ec1f1c655ce05c8d319b3950797baee55"

"@esbuild/linux-ia32@0.19.4":
  version "0.19.4"
  resolved "https://registry.yarnpkg.com/@esbuild/linux-ia32/-/linux-ia32-0.19.4.tgz#878cd8bf24c9847c77acdb5dd1b2ef6e4fa27a82"

"@esbuild/linux-loong64@0.19.4":
  version "0.19.4"
  resolved "https://registry.yarnpkg.com/@esbuild/linux-loong64/-/linux-loong64-0.19.4.tgz#df890499f6e566b7de3aa2361be6df2b8d5fa015"

"@esbuild/linux-mips64el@0.19.4":
  version "0.19.4"
  resolved "https://registry.yarnpkg.com/@esbuild/linux-mips64el/-/linux-mips64el-0.19.4.tgz#76eae4e88d2ce9f4f1b457e93892e802851b6807"

"@esbuild/linux-ppc64@0.19.4":
  version "0.19.4"
  resolved "https://registry.yarnpkg.com/@esbuild/linux-ppc64/-/linux-ppc64-0.19.4.tgz#c49032f4abbcfa3f747b543a106931fe3dce41ff"

"@esbuild/linux-riscv64@0.19.4":
  version "0.19.4"
  resolved "https://registry.yarnpkg.com/@esbuild/linux-riscv64/-/linux-riscv64-0.19.4.tgz#0f815a090772138503ee0465a747e16865bf94b1"

"@esbuild/linux-s390x@0.19.4":
  version "0.19.4"
  resolved "https://registry.yarnpkg.com/@esbuild/linux-s390x/-/linux-s390x-0.19.4.tgz#8d2cca20cd4e7c311fde8701d9f1042664f8b92b"

"@esbuild/linux-x64@0.19.4":
  version "0.19.4"
  resolved "https://registry.yarnpkg.com/@esbuild/linux-x64/-/linux-x64-0.19.4.tgz#f618bec2655de49bff91c588777e37b5e3169d4a"

"@esbuild/netbsd-x64@0.19.4":
  version "0.19.4"
  resolved "https://registry.yarnpkg.com/@esbuild/netbsd-x64/-/netbsd-x64-0.19.4.tgz#7889744ca4d60f1538d62382b95e90a49687cef2"

"@esbuild/openbsd-x64@0.19.4":
  version "0.19.4"
  resolved "https://registry.yarnpkg.com/@esbuild/openbsd-x64/-/openbsd-x64-0.19.4.tgz#c3e436eb9271a423d2e8436fcb120e3fd90e2b01"

"@esbuild/sunos-x64@0.19.4":
  version "0.19.4"
  resolved "https://registry.yarnpkg.com/@esbuild/sunos-x64/-/sunos-x64-0.19.4.tgz#f63f5841ba8c8c1a1c840d073afc99b53e8ce740"

"@esbuild/win32-arm64@0.19.4":
  version "0.19.4"
  resolved "https://registry.yarnpkg.com/@esbuild/win32-arm64/-/win32-arm64-0.19.4.tgz#80be69cec92da4da7781cf7a8351b95cc5a236b0"

"@esbuild/win32-ia32@0.19.4":
  version "0.19.4"
  resolved "https://registry.yarnpkg.com/@esbuild/win32-ia32/-/win32-ia32-0.19.4.tgz#15dc0ed83d2794872b05d8edc4a358fecf97eb54"

"@esbuild/win32-x64@0.19.4":
  version "0.19.4"
  resolved "https://registry.yarnpkg.com/@esbuild/win32-x64/-/win32-x64-0.19.4.tgz#d46a6e220a717f31f39ae80f49477cc3220be0f0"

"@hotwired/turbo@^7.3.0":
  version "7.3.0"
  resolved "https://registry.yarnpkg.com/@hotwired/turbo/-/turbo-7.3.0.tgz#2226000fff1aabda9fd9587474565c9929dbf15d"

"@isaacs/cliui@^8.0.2":
  version "8.0.2"
  resolved "https://registry.yarnpkg.com/@isaacs/cliui/-/cliui-8.0.2.tgz#b37667b7bc181c168782259bab42474fbf52b550"
  dependencies:
    string-width "^5.1.2"
    string-width-cjs "npm:string-width@^4.2.0"
    strip-ansi "^7.0.1"
    strip-ansi-cjs "npm:strip-ansi@^6.0.1"
    wrap-ansi "^8.1.0"
    wrap-ansi-cjs "npm:wrap-ansi@^7.0.0"

"@pkgjs/parseargs@^0.11.0":
  version "0.11.0"
  resolved "https://registry.yarnpkg.com/@pkgjs/parseargs/-/parseargs-0.11.0.tgz#a77ea742fab25775145434eb1d2328cf5013ac33"

ansi-regex@^5.0.1:
  version "5.0.1"
  resolved "https://registry.yarnpkg.com/ansi-regex/-/ansi-regex-5.0.1.tgz#082cb2c89c9fe8659a311a53bd6a4dc5301db304"

ansi-regex@^6.0.1:
  version "6.0.1"
  resolved "https://registry.yarnpkg.com/ansi-regex/-/ansi-regex-6.0.1.tgz#3183e38fae9a65d7cb5e53945cd5897d0260a06a"

ansi-styles@^4.0.0:
  version "4.3.0"
  resolved "https://registry.yarnpkg.com/ansi-styles/-/ansi-styles-4.3.0.tgz#edd803628ae71c04c85ae7a0906edad34b648937"
  dependencies:
    color-convert "^2.0.1"

ansi-styles@^6.1.0:
  version "6.2.1"
  resolved "https://registry.yarnpkg.com/ansi-styles/-/ansi-styles-6.2.1.tgz#0e62320cf99c21afff3b3012192546aacbfb05c5"

autoprefixer@^10.4.15:
  version "10.4.15"
  resolved "https://registry.yarnpkg.com/autoprefixer/-/autoprefixer-10.4.15.tgz#a1230f4aeb3636b89120b34a1f513e2f6834d530"
  dependencies:
    browserslist "^4.21.10"
    caniuse-lite "^1.0.30001520"
    fraction.js "^4.2.0"
    normalize-range "^0.1.2"
    picocolors "^1.0.0"
    postcss-value-parser "^4.2.0"

balanced-match@^1.0.0:
  version "1.0.2"
  resolved "https://registry.yarnpkg.com/balanced-match/-/balanced-match-1.0.2.tgz#e83e3a7e3f300b34cb9d87f615fa0cbf357690ee"

brace-expansion@^2.0.1:
  version "2.0.1"
  resolved "https://registry.yarnpkg.com/brace-expansion/-/brace-expansion-2.0.1.tgz#1edc459e0f0c548486ecf9fc99f2221364b9a0ae"
  dependencies:
    balanced-match "^1.0.0"

browserslist@^4.21.10:
  version "4.21.10"
  resolved "https://registry.yarnpkg.com/browserslist/-/browserslist-4.21.10.tgz#dbbac576628c13d3b2231332cb2ec5a46e015bb0"
  dependencies:
    caniuse-lite "^1.0.30001517"
    electron-to-chromium "^1.4.477"
    node-releases "^2.0.13"
    update-browserslist-db "^1.0.11"

caniuse-lite@^1.0.30001517:
  version "1.0.30001519"
  resolved "https://registry.yarnpkg.com/caniuse-lite/-/caniuse-lite-1.0.30001519.tgz#3e7b8b8a7077e78b0eb054d69e6edf5c7df35601"

caniuse-lite@^1.0.30001520:
  version "1.0.30001524"
  resolved "https://registry.yarnpkg.com/caniuse-lite/-/caniuse-lite-1.0.30001524.tgz#1e14bce4f43c41a7deaeb5ebfe86664fe8dadb80"

color-convert@^2.0.1:
  version "2.0.1"
  resolved "https://registry.yarnpkg.com/color-convert/-/color-convert-2.0.1.tgz#72d3a68d598c9bdb3af2ad1e84f21d896abd4de3"
  dependencies:
    color-name "~1.1.4"

color-name@~1.1.4:
  version "1.1.4"
  resolved "https://registry.yarnpkg.com/color-name/-/color-name-1.1.4.tgz#c2a09a87acbde69543de6f63fa3995c826c536a2"

cross-spawn@^7.0.0:
  version "7.0.3"
  resolved "https://registry.yarnpkg.com/cross-spawn/-/cross-spawn-7.0.3.tgz#f73a85b9d5d41d045551c177e2882d4ac85728a6"
  dependencies:
    path-key "^3.1.0"
    shebang-command "^2.0.0"
    which "^2.0.1"

css-blank-pseudo@^6.0.0:
  version "6.0.0"
  resolved "https://registry.yarnpkg.com/css-blank-pseudo/-/css-blank-pseudo-6.0.0.tgz#2bc6f812a5f60296c04c55b1696bad4300dcdbcc"
  dependencies:
    postcss-selector-parser "^6.0.13"

css-has-pseudo@^6.0.0:
  version "6.0.0"
  resolved "https://registry.yarnpkg.com/css-has-pseudo/-/css-has-pseudo-6.0.0.tgz#b8c8f39a19bc83c5be59fd251510a7e443c47968"
  dependencies:
    "@csstools/selector-specificity" "^3.0.0"
    postcss-selector-parser "^6.0.13"
    postcss-value-parser "^4.2.0"

css-prefers-color-scheme@^9.0.0:
  version "9.0.0"
  resolved "https://registry.yarnpkg.com/css-prefers-color-scheme/-/css-prefers-color-scheme-9.0.0.tgz#7e9b74062655ea15490e359cb456a3b9f4c93327"

cssdb@^7.7.2:
  version "7.7.2"
  resolved "https://registry.yarnpkg.com/cssdb/-/cssdb-7.7.2.tgz#fbebd90edfc6af129fda4fd986f9dd604a209094"

cssesc@^3.0.0:
  version "3.0.0"
  resolved "https://registry.yarnpkg.com/cssesc/-/cssesc-3.0.0.tgz#37741919903b868565e1c09ea747445cd18983ee"

eastasianwidth@^0.2.0:
  version "0.2.0"
  resolved "https://registry.yarnpkg.com/eastasianwidth/-/eastasianwidth-0.2.0.tgz#696ce2ec0aa0e6ea93a397ffcf24aa7840c827cb"

electron-to-chromium@^1.4.477:
  version "1.4.505"
  resolved "https://registry.yarnpkg.com/electron-to-chromium/-/electron-to-chromium-1.4.505.tgz#00571ade5975b58413f0f56a665b065bfc29cdfc"

emoji-regex@^8.0.0:
  version "8.0.0"
  resolved "https://registry.yarnpkg.com/emoji-regex/-/emoji-regex-8.0.0.tgz#e818fd69ce5ccfcb404594f842963bf53164cc37"

emoji-regex@^9.2.2:
  version "9.2.2"
  resolved "https://registry.yarnpkg.com/emoji-regex/-/emoji-regex-9.2.2.tgz#840c8803b0d8047f4ff0cf963176b32d4ef3ed72"

esbuild@^0.19.4:
  version "0.19.4"
  resolved "https://registry.yarnpkg.com/esbuild/-/esbuild-0.19.4.tgz#cdf5c4c684956d550bc3c6d0c01dac7fef6c75b1"
  optionalDependencies:
    "@esbuild/android-arm" "0.19.4"
    "@esbuild/android-arm64" "0.19.4"
    "@esbuild/android-x64" "0.19.4"
    "@esbuild/darwin-arm64" "0.19.4"
    "@esbuild/darwin-x64" "0.19.4"
    "@esbuild/freebsd-arm64" "0.19.4"
    "@esbuild/freebsd-x64" "0.19.4"
    "@esbuild/linux-arm" "0.19.4"
    "@esbuild/linux-arm64" "0.19.4"
    "@esbuild/linux-ia32" "0.19.4"
    "@esbuild/linux-loong64" "0.19.4"
    "@esbuild/linux-mips64el" "0.19.4"
    "@esbuild/linux-ppc64" "0.19.4"
    "@esbuild/linux-riscv64" "0.19.4"
    "@esbuild/linux-s390x" "0.19.4"
    "@esbuild/linux-x64" "0.19.4"
    "@esbuild/netbsd-x64" "0.19.4"
    "@esbuild/openbsd-x64" "0.19.4"
    "@esbuild/sunos-x64" "0.19.4"
    "@esbuild/win32-arm64" "0.19.4"
    "@esbuild/win32-ia32" "0.19.4"
    "@esbuild/win32-x64" "0.19.4"

escalade@^3.1.1:
  version "3.1.1"
  resolved "https://registry.yarnpkg.com/escalade/-/escalade-3.1.1.tgz#d8cfdc7000965c5a0174b4a82eaa5c0552742e40"

foreground-child@^3.1.0:
  version "3.1.1"
  resolved "https://registry.yarnpkg.com/foreground-child/-/foreground-child-3.1.1.tgz#1d173e776d75d2772fed08efe4a0de1ea1b12d0d"
  dependencies:
    cross-spawn "^7.0.0"
    signal-exit "^4.0.1"

fraction.js@^4.2.0:
  version "4.3.1"
  resolved "https://registry.yarnpkg.com/fraction.js/-/fraction.js-4.3.1.tgz#828c46dce1c8ad270e1c4170b3d06a2761e997d3"

function-bind@^1.1.1:
  version "1.1.1"
  resolved "https://registry.yarnpkg.com/function-bind/-/function-bind-1.1.1.tgz#a56899d3ea3c9bab874bb9773b7c5ede92f4895d"

glob@^10.3.10:
  version "10.3.10"
  resolved "https://registry.yarnpkg.com/glob/-/glob-10.3.10.tgz#0351ebb809fd187fe421ab96af83d3a70715df4b"
  dependencies:
    foreground-child "^3.1.0"
    jackspeak "^2.3.5"
    minimatch "^9.0.1"
    minipass "^5.0.0 || ^6.0.2 || ^7.0.0"
    path-scurry "^1.10.1"

has@^1.0.3:
  version "1.0.3"
  resolved "https://registry.yarnpkg.com/has/-/has-1.0.3.tgz#722d7cbfc1f6aa8241f16dd814e011e1f41e8796"
  dependencies:
    function-bind "^1.1.1"

is-core-module@^2.13.0:
  version "2.13.0"
  resolved "https://registry.yarnpkg.com/is-core-module/-/is-core-module-2.13.0.tgz#bb52aa6e2cbd49a30c2ba68c42bf3435ba6072db"
  dependencies:
    has "^1.0.3"

is-fullwidth-code-point@^3.0.0:
  version "3.0.0"
  resolved "https://registry.yarnpkg.com/is-fullwidth-code-point/-/is-fullwidth-code-point-3.0.0.tgz#f116f8064fe90b3f7844a38997c0b75051269f1d"

isexe@^2.0.0:
  version "2.0.0"
  resolved "https://registry.yarnpkg.com/isexe/-/isexe-2.0.0.tgz#e8fbf374dc556ff8947a10dcb0572d633f2cfa10"

jackspeak@^2.3.5:
  version "2.3.6"
  resolved "https://registry.yarnpkg.com/jackspeak/-/jackspeak-2.3.6.tgz#647ecc472238aee4b06ac0e461acc21a8c505ca8"
  dependencies:
    "@isaacs/cliui" "^8.0.2"
  optionalDependencies:
    "@pkgjs/parseargs" "^0.11.0"

lilconfig@^2.0.5:
  version "2.1.0"
  resolved "https://registry.yarnpkg.com/lilconfig/-/lilconfig-2.1.0.tgz#78e23ac89ebb7e1bfbf25b18043de756548e7f52"

"lru-cache@^9.1.1 || ^10.0.0":
  version "10.0.1"
  resolved "https://registry.yarnpkg.com/lru-cache/-/lru-cache-10.0.1.tgz#0a3be479df549cca0e5d693ac402ff19537a6b7a"

minimatch@^9.0.1:
  version "9.0.3"
  resolved "https://registry.yarnpkg.com/minimatch/-/minimatch-9.0.3.tgz#a6e00c3de44c3a542bfaae70abfc22420a6da825"
  dependencies:
    brace-expansion "^2.0.1"

"minipass@^5.0.0 || ^6.0.2 || ^7.0.0":
  version "7.0.3"
  resolved "https://registry.yarnpkg.com/minipass/-/minipass-7.0.3.tgz#05ea638da44e475037ed94d1c7efcc76a25e1974"

nanoid@^3.3.6:
  version "3.3.6"
  resolved "https://registry.yarnpkg.com/nanoid/-/nanoid-3.3.6.tgz#443380c856d6e9f9824267d960b4236ad583ea4c"

node-releases@^2.0.13:
  version "2.0.13"
  resolved "https://registry.yarnpkg.com/node-releases/-/node-releases-2.0.13.tgz#d5ed1627c23e3461e819b02e57b75e4899b1c81d"

normalize-range@^0.1.2:
  version "0.1.2"
  resolved "https://registry.yarnpkg.com/normalize-range/-/normalize-range-0.1.2.tgz#2d10c06bdfd312ea9777695a4d28439456b75942"

path-key@^3.1.0:
  version "3.1.1"
  resolved "https://registry.yarnpkg.com/path-key/-/path-key-3.1.1.tgz#581f6ade658cbba65a0d3380de7753295054f375"

path-parse@^1.0.7:
  version "1.0.7"
  resolved "https://registry.yarnpkg.com/path-parse/-/path-parse-1.0.7.tgz#fbc114b60ca42b30d9daf5858e4bd68bbedb6735"

path-scurry@^1.10.1:
  version "1.10.1"
  resolved "https://registry.yarnpkg.com/path-scurry/-/path-scurry-1.10.1.tgz#9ba6bf5aa8500fe9fd67df4f0d9483b2b0bfc698"
  dependencies:
    lru-cache "^9.1.1 || ^10.0.0"
    minipass "^5.0.0 || ^6.0.2 || ^7.0.0"

picocolors@^1.0.0:
  version "1.0.0"
  resolved "https://registry.yarnpkg.com/picocolors/-/picocolors-1.0.0.tgz#cb5bdc74ff3f51892236eaf79d68bc44564ab81c"

pify@^2.3.0:
  version "2.3.0"
  resolved "https://registry.yarnpkg.com/pify/-/pify-2.3.0.tgz#ed141a6ac043a849ea588498e7dca8b15330e90c"

postcss-attribute-case-insensitive@^6.0.2:
  version "6.0.2"
  resolved "https://registry.yarnpkg.com/postcss-attribute-case-insensitive/-/postcss-attribute-case-insensitive-6.0.2.tgz#e843091859323342e461878d201ee70278809e01"
  dependencies:
    postcss-selector-parser "^6.0.10"

postcss-clamp@^4.1.0:
  version "4.1.0"
  resolved "https://registry.yarnpkg.com/postcss-clamp/-/postcss-clamp-4.1.0.tgz#7263e95abadd8c2ba1bd911b0b5a5c9c93e02363"
  dependencies:
    postcss-value-parser "^4.2.0"

postcss-color-functional-notation@^6.0.1:
  version "6.0.1"
  resolved "https://registry.yarnpkg.com/postcss-color-functional-notation/-/postcss-color-functional-notation-6.0.1.tgz#b67d7c71fa1c82b09c130e02a37f0b6ceacbef63"
  dependencies:
    "@csstools/postcss-progressive-custom-properties" "^3.0.1"
    postcss-value-parser "^4.2.0"

postcss-color-hex-alpha@^9.0.2:
  version "9.0.2"
  resolved "https://registry.yarnpkg.com/postcss-color-hex-alpha/-/postcss-color-hex-alpha-9.0.2.tgz#6d3ed50342802469880981a1999515d003ff7d79"
  dependencies:
    postcss-value-parser "^4.2.0"

postcss-color-rebeccapurple@^9.0.1:
  version "9.0.1"
  resolved "https://registry.yarnpkg.com/postcss-color-rebeccapurple/-/postcss-color-rebeccapurple-9.0.1.tgz#d1266b9a9571ca478c8ce7ad97a15727eac3c6b2"
  dependencies:
    postcss-value-parser "^4.2.0"

postcss-custom-media@^10.0.1:
  version "10.0.1"
  resolved "https://registry.yarnpkg.com/postcss-custom-media/-/postcss-custom-media-10.0.1.tgz#48a4597451a69b1098e6eb11eb1166202171f9ed"
  dependencies:
    "@csstools/cascade-layer-name-parser" "^1.0.4"
    "@csstools/css-parser-algorithms" "^2.3.1"
    "@csstools/css-tokenizer" "^2.2.0"
    "@csstools/media-query-list-parser" "^2.1.4"

postcss-custom-properties@^13.3.1:
  version "13.3.2"
  resolved "https://registry.yarnpkg.com/postcss-custom-properties/-/postcss-custom-properties-13.3.2.tgz#88952f883003d897ade5c836e1e005b09a12f02b"
  dependencies:
    "@csstools/cascade-layer-name-parser" "^1.0.5"
    "@csstools/css-parser-algorithms" "^2.3.2"
    "@csstools/css-tokenizer" "^2.2.1"
    postcss-value-parser "^4.2.0"

postcss-custom-selectors@^7.1.5:
  version "7.1.5"
  resolved "https://registry.yarnpkg.com/postcss-custom-selectors/-/postcss-custom-selectors-7.1.5.tgz#74e99ef5d7a3f84aaab246ba086975e8279b686e"
  dependencies:
    "@csstools/cascade-layer-name-parser" "^1.0.4"
    "@csstools/css-parser-algorithms" "^2.3.1"
    "@csstools/css-tokenizer" "^2.2.0"
    postcss-selector-parser "^6.0.13"

postcss-dir-pseudo-class@^8.0.0:
  version "8.0.0"
  resolved "https://registry.yarnpkg.com/postcss-dir-pseudo-class/-/postcss-dir-pseudo-class-8.0.0.tgz#9e4e37d170f672520d3f38fd8376db0ca04d4e9c"
  dependencies:
    postcss-selector-parser "^6.0.13"

postcss-double-position-gradients@^5.0.1:
  version "5.0.1"
  resolved "https://registry.yarnpkg.com/postcss-double-position-gradients/-/postcss-double-position-gradients-5.0.1.tgz#5f28489f5b33ce5e1e97bf1ea6b62cd7a5f9c0c2"
  dependencies:
    "@csstools/postcss-progressive-custom-properties" "^3.0.1"
    postcss-value-parser "^4.2.0"

postcss-flexbugs-fixes@^5.0.2:
  version "5.0.2"
  resolved "https://registry.yarnpkg.com/postcss-flexbugs-fixes/-/postcss-flexbugs-fixes-5.0.2.tgz#2028e145313074fc9abe276cb7ca14e5401eb49d"

postcss-focus-visible@^9.0.0:
  version "9.0.0"
  resolved "https://registry.yarnpkg.com/postcss-focus-visible/-/postcss-focus-visible-9.0.0.tgz#a81227428d6f1e524099c6581f7c7132f987e382"
  dependencies:
    postcss-selector-parser "^6.0.13"

postcss-focus-within@^8.0.0:
  version "8.0.0"
  resolved "https://registry.yarnpkg.com/postcss-focus-within/-/postcss-focus-within-8.0.0.tgz#8304380dd2dadc1c2dcfa52816ff86be7736fc16"
  dependencies:
    postcss-selector-parser "^6.0.13"

postcss-font-variant@^5.0.0:
  version "5.0.0"
  resolved "https://registry.yarnpkg.com/postcss-font-variant/-/postcss-font-variant-5.0.0.tgz#efd59b4b7ea8bb06127f2d031bfbb7f24d32fa66"

postcss-gap-properties@^5.0.0:
  version "5.0.0"
  resolved "https://registry.yarnpkg.com/postcss-gap-properties/-/postcss-gap-properties-5.0.0.tgz#3bd77f3d51facb1da404b4edd72b8203929385a5"

postcss-image-set-function@^6.0.1:
  version "6.0.1"
  resolved "https://registry.yarnpkg.com/postcss-image-set-function/-/postcss-image-set-function-6.0.1.tgz#e2bba0a0536a0c70f63933f7c5df68742e9615ca"
  dependencies:
    postcss-value-parser "^4.2.0"

postcss-import@^15.1.0:
  version "15.1.0"
  resolved "https://registry.yarnpkg.com/postcss-import/-/postcss-import-15.1.0.tgz#41c64ed8cc0e23735a9698b3249ffdbf704adc70"
  dependencies:
    postcss-value-parser "^4.0.0"
    read-cache "^1.0.0"
    resolve "^1.1.7"

postcss-lab-function@^6.0.4:
  version "6.0.5"
  resolved "https://registry.yarnpkg.com/postcss-lab-function/-/postcss-lab-function-6.0.5.tgz#de6b12fb29b591193d53bccf09eba304952224db"
  dependencies:
    "@csstools/css-color-parser" "^1.3.2"
    "@csstools/css-parser-algorithms" "^2.3.2"
    "@csstools/css-tokenizer" "^2.2.1"
    "@csstools/postcss-progressive-custom-properties" "^3.0.1"

postcss-load-config@^3.1.4:
  version "3.1.4"
  resolved "https://registry.yarnpkg.com/postcss-load-config/-/postcss-load-config-3.1.4.tgz#1ab2571faf84bb078877e1d07905eabe9ebda855"
  dependencies:
    lilconfig "^2.0.5"
    yaml "^1.10.2"

postcss-logical@^7.0.0:
  version "7.0.0"
  resolved "https://registry.yarnpkg.com/postcss-logical/-/postcss-logical-7.0.0.tgz#9a83426e716e3c8f957dda3fd874edbcf22c754e"
  dependencies:
    postcss-value-parser "^4.2.0"

postcss-nesting@^12.0.1:
  version "12.0.1"
  resolved "https://registry.yarnpkg.com/postcss-nesting/-/postcss-nesting-12.0.1.tgz#abb76d15dfd59a9f7d03b4464f53b60a4d3795c4"
  dependencies:
    "@csstools/selector-specificity" "^3.0.0"
    postcss-selector-parser "^6.0.13"

postcss-opacity-percentage@^2.0.0:
  version "2.0.0"
  resolved "https://registry.yarnpkg.com/postcss-opacity-percentage/-/postcss-opacity-percentage-2.0.0.tgz#c0a56060cd4586e3f954dbde1efffc2deed53002"

postcss-overflow-shorthand@^5.0.0:
  version "5.0.0"
  resolved "https://registry.yarnpkg.com/postcss-overflow-shorthand/-/postcss-overflow-shorthand-5.0.0.tgz#1ed6d6c532cdf52b5dabec06662dc63f9207855c"
  dependencies:
    postcss-value-parser "^4.2.0"

postcss-page-break@^3.0.4:
  version "3.0.4"
  resolved "https://registry.yarnpkg.com/postcss-page-break/-/postcss-page-break-3.0.4.tgz#7fbf741c233621622b68d435babfb70dd8c1ee5f"

postcss-place@^9.0.0:
  version "9.0.0"
  resolved "https://registry.yarnpkg.com/postcss-place/-/postcss-place-9.0.0.tgz#7e47851bf40d16ce06f6013453b706100ca6c102"
  dependencies:
    postcss-value-parser "^4.2.0"

postcss-preset-env@^9.1.4:
  version "9.1.4"
  resolved "https://registry.yarnpkg.com/postcss-preset-env/-/postcss-preset-env-9.1.4.tgz#9a4b0b7ac2b2eb2b319fc76fd4ede0dd3e61a524"
  dependencies:
    "@csstools/postcss-cascade-layers" "^4.0.0"
    "@csstools/postcss-color-function" "^3.0.4"
    "@csstools/postcss-color-mix-function" "^2.0.4"
    "@csstools/postcss-exponential-functions" "^1.0.0"
    "@csstools/postcss-font-format-keywords" "^3.0.0"
    "@csstools/postcss-gradients-interpolation-method" "^4.0.4"
    "@csstools/postcss-hwb-function" "^3.0.3"
    "@csstools/postcss-ic-unit" "^3.0.1"
    "@csstools/postcss-initial" "^1.0.0"
    "@csstools/postcss-is-pseudo-class" "^4.0.2"
    "@csstools/postcss-logical-float-and-clear" "^2.0.0"
    "@csstools/postcss-logical-resize" "^2.0.0"
    "@csstools/postcss-logical-viewport-units" "^2.0.2"
    "@csstools/postcss-media-minmax" "^1.0.7"
    "@csstools/postcss-media-queries-aspect-ratio-number-values" "^2.0.2"
    "@csstools/postcss-nested-calc" "^3.0.0"
    "@csstools/postcss-normalize-display-values" "^3.0.1"
    "@csstools/postcss-oklab-function" "^3.0.4"
    "@csstools/postcss-progressive-custom-properties" "^3.0.1"
    "@csstools/postcss-relative-color-syntax" "^2.0.4"
    "@csstools/postcss-scope-pseudo-class" "^3.0.0"
    "@csstools/postcss-stepped-value-functions" "^3.0.1"
    "@csstools/postcss-text-decoration-shorthand" "^3.0.3"
    "@csstools/postcss-trigonometric-functions" "^3.0.1"
    "@csstools/postcss-unset-value" "^3.0.0"
    autoprefixer "^10.4.15"
    browserslist "^4.21.10"
    css-blank-pseudo "^6.0.0"
    css-has-pseudo "^6.0.0"
    css-prefers-color-scheme "^9.0.0"
    cssdb "^7.7.2"
    postcss-attribute-case-insensitive "^6.0.2"
    postcss-clamp "^4.1.0"
    postcss-color-functional-notation "^6.0.1"
    postcss-color-hex-alpha "^9.0.2"
    postcss-color-rebeccapurple "^9.0.1"
    postcss-custom-media "^10.0.1"
    postcss-custom-properties "^13.3.1"
    postcss-custom-selectors "^7.1.5"
    postcss-dir-pseudo-class "^8.0.0"
    postcss-double-position-gradients "^5.0.1"
    postcss-focus-visible "^9.0.0"
    postcss-focus-within "^8.0.0"
    postcss-font-variant "^5.0.0"
    postcss-gap-properties "^5.0.0"
    postcss-image-set-function "^6.0.1"
    postcss-lab-function "^6.0.4"
    postcss-logical "^7.0.0"
    postcss-nesting "^12.0.1"
    postcss-opacity-percentage "^2.0.0"
    postcss-overflow-shorthand "^5.0.0"
    postcss-page-break "^3.0.4"
    postcss-place "^9.0.0"
    postcss-pseudo-class-any-link "^9.0.0"
    postcss-replace-overflow-wrap "^4.0.0"
    postcss-selector-not "^7.0.1"
    postcss-value-parser "^4.2.0"

postcss-pseudo-class-any-link@^9.0.0:
  version "9.0.0"
  resolved "https://registry.yarnpkg.com/postcss-pseudo-class-any-link/-/postcss-pseudo-class-any-link-9.0.0.tgz#5fb5b700e0ecdc845a94eb433b8ccff756cbf660"
  dependencies:
    postcss-selector-parser "^6.0.13"

postcss-replace-overflow-wrap@^4.0.0:
  version "4.0.0"
  resolved "https://registry.yarnpkg.com/postcss-replace-overflow-wrap/-/postcss-replace-overflow-wrap-4.0.0.tgz#d2df6bed10b477bf9c52fab28c568b4b29ca4319"

postcss-selector-not@^7.0.1:
  version "7.0.1"
  resolved "https://registry.yarnpkg.com/postcss-selector-not/-/postcss-selector-not-7.0.1.tgz#8142e90c8eb6c8c5faecb3e9d96d4353d02e94fb"
  dependencies:
    postcss-selector-parser "^6.0.10"

postcss-selector-parser@^6.0.10, postcss-selector-parser@^6.0.13:
  version "6.0.13"
  resolved "https://registry.yarnpkg.com/postcss-selector-parser/-/postcss-selector-parser-6.0.13.tgz#d05d8d76b1e8e173257ef9d60b706a8e5e99bf1b"
  dependencies:
    cssesc "^3.0.0"
    util-deprecate "^1.0.2"

postcss-value-parser@^4.0.0, postcss-value-parser@^4.2.0:
  version "4.2.0"
  resolved "https://registry.yarnpkg.com/postcss-value-parser/-/postcss-value-parser-4.2.0.tgz#723c09920836ba6d3e5af019f92bc0971c02e514"

postcss@^8.4.30:
  version "8.4.30"
  resolved "https://registry.yarnpkg.com/postcss/-/postcss-8.4.30.tgz#0e0648d551a606ef2192a26da4cabafcc09c1aa7"
  dependencies:
    nanoid "^3.3.6"
    picocolors "^1.0.0"
    source-map-js "^1.0.2"

read-cache@^1.0.0:
  version "1.0.0"
  resolved "https://registry.yarnpkg.com/read-cache/-/read-cache-1.0.0.tgz#e664ef31161166c9751cdbe8dbcf86b5fb58f774"
  dependencies:
    pify "^2.3.0"

resolve@^1.1.7:
  version "1.22.4"
  resolved "https://registry.yarnpkg.com/resolve/-/resolve-1.22.4.tgz#1dc40df46554cdaf8948a486a10f6ba1e2026c34"
  dependencies:
    is-core-module "^2.13.0"
    path-parse "^1.0.7"
    supports-preserve-symlinks-flag "^1.0.0"

shebang-command@^2.0.0:
  version "2.0.0"
  resolved "https://registry.yarnpkg.com/shebang-command/-/shebang-command-2.0.0.tgz#ccd0af4f8835fbdc265b82461aaf0c36663f34ea"
  dependencies:
    shebang-regex "^3.0.0"

shebang-regex@^3.0.0:
  version "3.0.0"
  resolved "https://registry.yarnpkg.com/shebang-regex/-/shebang-regex-3.0.0.tgz#ae16f1644d873ecad843b0307b143362d4c42172"

signal-exit@^4.0.1:
  version "4.1.0"
  resolved "https://registry.yarnpkg.com/signal-exit/-/signal-exit-4.1.0.tgz#952188c1cbd546070e2dd20d0f41c0ae0530cb04"

source-map-js@^1.0.2:
  version "1.0.2"
  resolved "https://registry.yarnpkg.com/source-map-js/-/source-map-js-1.0.2.tgz#adbc361d9c62df380125e7f161f71c826f1e490c"

"string-width-cjs@npm:string-width@^4.2.0", string-width@^4.1.0:
  name string-width-cjs
  version "4.2.3"
  resolved "https://registry.yarnpkg.com/string-width/-/string-width-4.2.3.tgz#269c7117d27b05ad2e536830a8ec895ef9c6d010"
  dependencies:
    emoji-regex "^8.0.0"
    is-fullwidth-code-point "^3.0.0"
    strip-ansi "^6.0.1"

string-width@^5.0.1, string-width@^5.1.2:
  version "5.1.2"
  resolved "https://registry.yarnpkg.com/string-width/-/string-width-5.1.2.tgz#14f8daec6d81e7221d2a357e668cab73bdbca794"
  dependencies:
    eastasianwidth "^0.2.0"
    emoji-regex "^9.2.2"
    strip-ansi "^7.0.1"

"strip-ansi-cjs@npm:strip-ansi@^6.0.1", strip-ansi@^6.0.0, strip-ansi@^6.0.1:
  name strip-ansi-cjs
  version "6.0.1"
  resolved "https://registry.yarnpkg.com/strip-ansi/-/strip-ansi-6.0.1.tgz#9e26c63d30f53443e9489495b2105d37b67a85d9"
  dependencies:
    ansi-regex "^5.0.1"

strip-ansi@^7.0.1:
  version "7.1.0"
  resolved "https://registry.yarnpkg.com/strip-ansi/-/strip-ansi-7.1.0.tgz#d5b6568ca689d8561370b0707685d22434faff45"
  dependencies:
    ansi-regex "^6.0.1"

supports-preserve-symlinks-flag@^1.0.0:
  version "1.0.0"
  resolved "https://registry.yarnpkg.com/supports-preserve-symlinks-flag/-/supports-preserve-symlinks-flag-1.0.0.tgz#6eda4bd344a3c94aea376d4cc31bc77311039e09"

update-browserslist-db@^1.0.11:
  version "1.0.11"
  resolved "https://registry.yarnpkg.com/update-browserslist-db/-/update-browserslist-db-1.0.11.tgz#9a2a641ad2907ae7b3616506f4b977851db5b940"
  dependencies:
    escalade "^3.1.1"
    picocolors "^1.0.0"

util-deprecate@^1.0.2:
  version "1.0.2"
  resolved "https://registry.yarnpkg.com/util-deprecate/-/util-deprecate-1.0.2.tgz#450d4dc9fa70de732762fbd2d4a28981419a0ccf"

which@^2.0.1:
  version "2.0.2"
  resolved "https://registry.yarnpkg.com/which/-/which-2.0.2.tgz#7c6a8dd0a636a0327e10b59c9286eee93f3f51b1"
  dependencies:
    isexe "^2.0.0"

"wrap-ansi-cjs@npm:wrap-ansi@^7.0.0":
  version "7.0.0"
  resolved "https://registry.yarnpkg.com/wrap-ansi/-/wrap-ansi-7.0.0.tgz#67e145cff510a6a6984bdf1152911d69d2eb9e43"
  dependencies:
    ansi-styles "^4.0.0"
    string-width "^4.1.0"
    strip-ansi "^6.0.0"

wrap-ansi@^8.1.0:
  version "8.1.0"
  resolved "https://registry.yarnpkg.com/wrap-ansi/-/wrap-ansi-8.1.0.tgz#56dc22368ee570face1b49819975d9b9a5ead214"
  dependencies:
    ansi-styles "^6.1.0"
    string-width "^5.0.1"
    strip-ansi "^7.0.1"

yaml@^1.10.2:
  version "1.10.2"
  resolved "https://registry.yarnpkg.com/yaml/-/yaml-1.10.2.tgz#2301c5ffbf12b467de8da2333a459e29e7920e4b"
